// !$*UTF8*$!
{
	archiveVersion = 1;
	classes = {
	};
	objectVersion = 46;
	objects = {
/* Begin PBXBuildFile section */
		0207DA581B56EA530066E2B4 /* Images.xcassets in Resources */ = {isa = PBXBuildFile; fileRef = 0207DA571B56EA530066E2B4 /* Images.xcassets */; };
		1D3623260D0F684500981E51 /* AppDelegate.m in Sources */ = {isa = PBXBuildFile; fileRef = 1D3623250D0F684500981E51 /* AppDelegate.m */; };
		1D60589B0D05DD56006BFB54 /* main.m in Sources */ = {isa = PBXBuildFile; fileRef = 29B97316FDCFA39411CA2CEA /* main.m */; };
		301BF552109A68D80062928A /* libCordova.a in Frameworks */ = {isa = PBXBuildFile; fileRef = 301BF535109A57CC0062928A /* libCordova.a */; };
		302D95F114D2391D003F00A1 /* MainViewController.m in Sources */ = {isa = PBXBuildFile; fileRef = 302D95EF14D2391D003F00A1 /* MainViewController.m */; };
		302D95F214D2391D003F00A1 /* MainViewController.xib in Resources */ = {isa = PBXBuildFile; fileRef = 302D95F014D2391D003F00A1 /* MainViewController.xib */; };
		3047A5121AB8059700498E2A /* build-debug.xcconfig in Resources */ = {isa = PBXBuildFile; fileRef = 3047A50F1AB8059700498E2A /* build-debug.xcconfig */; };
		3047A5131AB8059700498E2A /* build-release.xcconfig in Resources */ = {isa = PBXBuildFile; fileRef = 3047A5101AB8059700498E2A /* build-release.xcconfig */; };
		3047A5141AB8059700498E2A /* build.xcconfig in Resources */ = {isa = PBXBuildFile; fileRef = 3047A5111AB8059700498E2A /* build.xcconfig */; };
		6AFF5BF91D6E424B00AB3073 /* CDVLaunchScreen.storyboard in Resources */ = {isa = PBXBuildFile; fileRef = 6AFF5BF81D6E424B00AB3073 /* CDVLaunchScreen.storyboard */; };
		0424048517E34062846ACCB8 /* UIImage+CropScaleOrientation.m in Sources */ = {isa = PBXBuildFile; fileRef = 311CE30471784CF9AA508BD5 /* UIImage+CropScaleOrientation.m */; };
		2416C99152D54202AA7AC436 /* CDVCamera.m in Sources */ = {isa = PBXBuildFile; fileRef = CFB1AB33081B4EC1B4C58962 /* CDVCamera.m */; };
		E50E0D5C1B5E4F41A1DAEAC3 /* CDVJpegHeaderWriter.m in Sources */ = {isa = PBXBuildFile; fileRef = 9679497957DF42E3A2F9A21A /* CDVJpegHeaderWriter.m */; };
		A4D860C613364E83AC9AFB9D /* ImageIO.framework in Frameworks */ = {isa = PBXBuildFile; fileRef = 259AD61C8C124CF3B6824E60 /* ImageIO.framework */; settings = {ATTRIBUTES = (Weak, ); }; };
		7253ECCEE5C644E2A0613CE1 /* CoreLocation.framework in Frameworks */ = {isa = PBXBuildFile; fileRef = 568BF5CE25784C96BD54DCBB /* CoreLocation.framework */; };
		051E77EB95774E51B6AE0D65 /* AVFoundation.framework in Frameworks */ = {isa = PBXBuildFile; fileRef = BE5179D33D1F4F6195458427 /* AVFoundation.framework */; };
		684E3F3782534DA9AC419C4D /* CDVDevice.m in Sources */ = {isa = PBXBuildFile; fileRef = CB40C41C63574417AC371845 /* CDVDevice.m */; };
		6E47BA938F37454A9F9F2B2A /* CDVLocation.m in Sources */ = {isa = PBXBuildFile; fileRef = CD2B6B35F7A64452ABFAEF17 /* CDVLocation.m */; };
		969FDE25AE5145FD98FEA645 /* CDVIonicKeyboard.m in Sources */ = {isa = PBXBuildFile; fileRef = 7C04E69D577A4969B3D12C88 /* CDVIonicKeyboard.m */; };
		9256A98F6023494BBF6DFDBE /* CDVWKWebViewEngine.m in Sources */ = {isa = PBXBuildFile; fileRef = 7492EE005C574359A43C4545 /* CDVWKWebViewEngine.m */; };
		CE59B353F000434BA703BD20 /* CDVWKWebViewUIDelegate.m in Sources */ = {isa = PBXBuildFile; fileRef = 15FCA1BB9DCF4B4CA078D91D /* CDVWKWebViewUIDelegate.m */; };
		28AE5ACD07CD427E90035ED3 /* CDVWKProcessPoolFactory.m in Sources */ = {isa = PBXBuildFile; fileRef = 14F499E446E54310A1302D76 /* CDVWKProcessPoolFactory.m */; };
		A356452B794C4F95BC672841 /* GCDWebServer.m in Sources */ = {isa = PBXBuildFile; fileRef = C026F63310A4405F9D7FC937 /* GCDWebServer.m */; };
		BAA2D3F88B9849E3B5473390 /* GCDWebServerConnection.m in Sources */ = {isa = PBXBuildFile; fileRef = 4C1E6C22A4A64BDA80FDF654 /* GCDWebServerConnection.m */; };
		D160440C1C8849158450ED6D /* GCDWebServerFunctions.m in Sources */ = {isa = PBXBuildFile; fileRef = 3A2CBCAE56B341D8A867C3CB /* GCDWebServerFunctions.m */; };
		48EC5BF2FCBF45209C2C5E4A /* GCDWebServerRequest.m in Sources */ = {isa = PBXBuildFile; fileRef = B6DDDB3FD4D84F8CB1087D44 /* GCDWebServerRequest.m */; };
		079E39FC30194D7B932C1585 /* GCDWebServerResponse.m in Sources */ = {isa = PBXBuildFile; fileRef = DC9EB4A5E4F04F0E8316D892 /* GCDWebServerResponse.m */; };
		D259DAA1592B4CC387CA46CD /* GCDWebServerDataRequest.m in Sources */ = {isa = PBXBuildFile; fileRef = CEFA30BB06C24805BCBBE7DB /* GCDWebServerDataRequest.m */; };
		D652BCF8FE6C43F881AAE2B4 /* GCDWebServerFileRequest.m in Sources */ = {isa = PBXBuildFile; fileRef = EC02FAA5CD96421C81953E8F /* GCDWebServerFileRequest.m */; };
		14B0B8D76CC94C1389BFCCE5 /* GCDWebServerMultiPartFormRequest.m in Sources */ = {isa = PBXBuildFile; fileRef = E4C4C17A41D14AEBB3012564 /* GCDWebServerMultiPartFormRequest.m */; };
		5C603B7934C340F2883961EB /* GCDWebServerURLEncodedFormRequest.m in Sources */ = {isa = PBXBuildFile; fileRef = 8BEAB96EF0F94E1EB9C70E42 /* GCDWebServerURLEncodedFormRequest.m */; };
		8999C1A78F3B47679A0D501B /* GCDWebServerDataResponse.m in Sources */ = {isa = PBXBuildFile; fileRef = 0709C4A5AC644E2C8019EADB /* GCDWebServerDataResponse.m */; };
		8007CBDDB05D40ADB44D11B7 /* GCDWebServerErrorResponse.m in Sources */ = {isa = PBXBuildFile; fileRef = 88BFC68EF3CA4A7EA2DD6FFA /* GCDWebServerErrorResponse.m */; };
		1902FBB971F24F6B8F705D96 /* GCDWebServerFileResponse.m in Sources */ = {isa = PBXBuildFile; fileRef = BD8191C9430D4255A8D1DCCF /* GCDWebServerFileResponse.m */; };
		37CABED9ACD44669A94664F0 /* GCDWebServerStreamedResponse.m in Sources */ = {isa = PBXBuildFile; fileRef = 8D3108BDDD824C7C958DC0CA /* GCDWebServerStreamedResponse.m */; };
		BA474C119E5B4CFFAE71CFA8 /* WebKit.framework in Frameworks */ = {isa = PBXBuildFile; fileRef = A99E75A8541D4401BA5C9CF7 /* WebKit.framework */; settings = {ATTRIBUTES = (Weak, ); }; };
		D3CA3C8A4CD54D6598B1BF15 /* libz.tbd in Frameworks */ = {isa = PBXBuildFile; fileRef = 3D50A4C432A3413D94E4AE0C /* libz.tbd */; };
		249DCFC1A7134512B74BA24C /* CDVSplashScreen.m in Sources */ = {isa = PBXBuildFile; fileRef = AAF532A8496A435BBF28FF52 /* CDVSplashScreen.m */; };
		F18A949F45314AE5B6873516 /* CDVViewController+SplashScreen.m in Sources */ = {isa = PBXBuildFile; fileRef = ECFD07C8387C402B946313FE /* CDVViewController+SplashScreen.m */; };
		86BCBF244C5E48B893E2D208 /* CDVStatusBar.m in Sources */ = {isa = PBXBuildFile; fileRef = 63D45DAA15A7406895814CF5 /* CDVStatusBar.m */; };
		20B5A4200E7B44149E2BE1F9 /* PluginObjects.m in Sources */ = {isa = PBXBuildFile; fileRef = FE3FF906FD4F4790BFCE4496 /* PluginObjects.m */; };
		0EB275AD695E4E0CB82736C4 /* PluginCircle.m in Sources */ = {isa = PBXBuildFile; fileRef = F222E5E22FF34EF680B33324 /* PluginCircle.m */; };
		F5AB2A4FA9954E0E82FD7781 /* PluginGeocoder.m in Sources */ = {isa = PBXBuildFile; fileRef = 6C2CFAB9CE6348348A6BA7C6 /* PluginGeocoder.m */; };
		E3FCCF0869744521B8405A22 /* PluginLocationService.m in Sources */ = {isa = PBXBuildFile; fileRef = F4B17DCEE9C04E22932D3009 /* PluginLocationService.m */; };
		487EAA340176439A86E1AEE7 /* PluginEnvironment.m in Sources */ = {isa = PBXBuildFile; fileRef = 20C7E373C4CD440BA4EA2E65 /* PluginEnvironment.m */; };
		ACF48A298D53422ABA5AEEB1 /* CordovaGoogleMaps.m in Sources */ = {isa = PBXBuildFile; fileRef = 29BB33EFE3D94AFA8FD92638 /* CordovaGoogleMaps.m */; };
		5E99C250CA3148F084AA2F2F /* PluginMapViewController.m in Sources */ = {isa = PBXBuildFile; fileRef = 4D692E2DDA5A4A3694A21C60 /* PluginMapViewController.m */; };
		01A15BE3D7F5464C8ADA5F93 /* PluginGroundOverlay.m in Sources */ = {isa = PBXBuildFile; fileRef = 895F3F7AABD64C2EB57A5165 /* PluginGroundOverlay.m */; };
		1FB8F5BF0A4C45CC9DD63018 /* PluginKmlOverlay.m in Sources */ = {isa = PBXBuildFile; fileRef = 29A162719ACD48D691896E3A /* PluginKmlOverlay.m */; };
		6B1B89346FF749D38A1F9819 /* PluginMap.m in Sources */ = {isa = PBXBuildFile; fileRef = 56D150F8D23846D7B739FA6A /* PluginMap.m */; };
		9C60769C12364995A902AF34 /* PluginMarker.m in Sources */ = {isa = PBXBuildFile; fileRef = 1CD5A4A507844E9C8EE758EC /* PluginMarker.m */; };
		9663F75941634D88ADB205BD /* PluginUtil.m in Sources */ = {isa = PBXBuildFile; fileRef = AF7197D4551C4D099370AC2A /* PluginUtil.m */; };
		7650527356494A8B844132B6 /* PluginPolygon.m in Sources */ = {isa = PBXBuildFile; fileRef = 9B27AABB9EAD49BEA5C74492 /* PluginPolygon.m */; };
		AF388D83C4304B7B9BAE91C5 /* PluginPolyline.m in Sources */ = {isa = PBXBuildFile; fileRef = A6FFA7B640744229AA5E3244 /* PluginPolyline.m */; };
		C1BF14F1D63245B68ADC24DE /* PluginTileProvider.m in Sources */ = {isa = PBXBuildFile; fileRef = 66B41598E1DF462886F3BB15 /* PluginTileProvider.m */; };
		5473EF6B56A84BADA1EEEA59 /* TBXML.m in Sources */ = {isa = PBXBuildFile; fileRef = 01EA2ED03CBE48B69E1AA7A6 /* TBXML.m */; };
		73A435387F884763B2A95BB1 /* PluginTileOverlay.m in Sources */ = {isa = PBXBuildFile; fileRef = 2CC47897C5AF4F0EB23AED29 /* PluginTileOverlay.m */; };
		19C276D80BF74B1495DCC124 /* NSData+Base64.m in Sources */ = {isa = PBXBuildFile; fileRef = 3D43B6D3D0B049B69DC2A0C9 /* NSData+Base64.m */; };
		72904DDC0490411BBEAC5C25 /* GMSCoordinateBounds+Geometry.m in Sources */ = {isa = PBXBuildFile; fileRef = 9C6CD2D240E543AA96CD359D /* GMSCoordinateBounds+Geometry.m */; };
		CE9F7EAF3CFC4B538CB5C047 /* MyPluginLayer.m in Sources */ = {isa = PBXBuildFile; fileRef = FC3129CB33A04E71A0B76F15 /* MyPluginLayer.m */; };
		7CECE4BF059E4985809579AC /* MyPluginScrollView.m in Sources */ = {isa = PBXBuildFile; fileRef = 2EFB13B98FA8402FA59CD893 /* MyPluginScrollView.m */; };
		B590C7697D1946158087B65C /* PluginMarkerCluster.m in Sources */ = {isa = PBXBuildFile; fileRef = EA8CD3D7B44145A29DFBDA51 /* PluginMarkerCluster.m */; };
		2370FEA459CA4EADACD2845F /* UIImageCache.m in Sources */ = {isa = PBXBuildFile; fileRef = 21489DA7D145449290FBCD7A /* UIImageCache.m */; };
		71091038D6BD44109D84CB6A /* PluginStreetViewPanorama.m in Sources */ = {isa = PBXBuildFile; fileRef = BB50F3417C0F4F84B863CA65 /* PluginStreetViewPanorama.m */; };
		FDEB0A9FBD2E49E5BE47B494 /* PluginStreetViewPanoramaController.m in Sources */ = {isa = PBXBuildFile; fileRef = C77B5E5598F04A28A320486A /* PluginStreetViewPanoramaController.m */; };
		7493DC8A1EFB40A0854525AF /* PluginViewController.m in Sources */ = {isa = PBXBuildFile; fileRef = 645D30191F0E43EBA571869F /* PluginViewController.m */; };
		57CFCDF54F634A8B9DA828DD /* pgm_Localizable_en.json in Resources */ = {isa = PBXBuildFile; fileRef = 58EB2DF8EF844550B5794444 /* pgm_Localizable_en.json */; };
		8B241EA1D72646409141FDF4 /* pgm_Localizable_ja.json in Resources */ = {isa = PBXBuildFile; fileRef = 6C4FE413C4F94F569E7E8B27 /* pgm_Localizable_ja.json */; };
		87EC45DDF05C48A3AD44F06D /* pgm_Localizable_ru.json in Resources */ = {isa = PBXBuildFile; fileRef = 9D8274EB660F487C964C5532 /* pgm_Localizable_ru.json */; };
		06612B7028724E5DB6E11A53 /* pgm_Localizable_uk.json in Resources */ = {isa = PBXBuildFile; fileRef = F9910A18C0FE49849E50BE40 /* pgm_Localizable_uk.json */; };
		633093DEBA9B4853AFF8F781 /* pgm_Localizable_pt-BR.json in Resources */ = {isa = PBXBuildFile; fileRef = 61271AF967394DB9875C39CD /* pgm_Localizable_pt-BR.json */; };
		08B8A8BC6D70497196AC6042 /* pgm_Localizable_de.json in Resources */ = {isa = PBXBuildFile; fileRef = A136252505294AA999E25784 /* pgm_Localizable_de.json */; };
		EE3F3BCDBC2A45FFA6B5D27A /* pgm_Localizable_fr.json in Resources */ = {isa = PBXBuildFile; fileRef = A4A22A726E0D464F8067F41D /* pgm_Localizable_fr.json */; };
		9838D17B27D7403C93157456 /* pgm_Localizable_hi.json in Resources */ = {isa = PBXBuildFile; fileRef = E68B2F1BFA5A415ABB53D4E7 /* pgm_Localizable_hi.json */; };
		DEAE28E72C554AF3A3EB31B0 /* pgm_Localizable_ar.json in Resources */ = {isa = PBXBuildFile; fileRef = 970566BEB74D4E45BE6CC998 /* pgm_Localizable_ar.json */; };
		63135DFA44E241588CC0A4E8 /* pgm_Localizable_nl.json in Resources */ = {isa = PBXBuildFile; fileRef = DE1CEE17890A40E6A9173C87 /* pgm_Localizable_nl.json */; };
		C74FBD8E613647BE93A58611 /* pgm_Localizable_pl.json in Resources */ = {isa = PBXBuildFile; fileRef = 92D8883FEAF54481830A8355 /* pgm_Localizable_pl.json */; };
		7E075CA7118F47159A78B696 /* pgm_Localizable_da.json in Resources */ = {isa = PBXBuildFile; fileRef = 4A1B211D7DB943698EFEC0E0 /* pgm_Localizable_da.json */; };
		50D4D9F4C26F4D51BB0E53A2 /* pgm_Localizable_vi.json in Resources */ = {isa = PBXBuildFile; fileRef = A003F45FDC65455EA25CDA72 /* pgm_Localizable_vi.json */; };
		EDBA576F25744F7E9F6B3896 /* CDVFile.m in Sources */ = {isa = PBXBuildFile; fileRef = 6E37D19A0DA74984AA1BEE1B /* CDVFile.m */; };
		C6058DBC4311464AB69AA9F7 /* CDVLocalFilesystem.m in Sources */ = {isa = PBXBuildFile; fileRef = ACD0C675DCFE49468ACE9E10 /* CDVLocalFilesystem.m */; };
		E91D81E2FDBD41F3A5400DB4 /* CDVAssetLibraryFilesystem.m in Sources */ = {isa = PBXBuildFile; fileRef = 6D16AEC5525245A0BFE052A2 /* CDVAssetLibraryFilesystem.m */; };
		73FAEC20CB35401FB509A8F3 /* CordovaHttpPlugin.m in Sources */ = {isa = PBXBuildFile; fileRef = C2DC7289757C4FAEAB0217F7 /* CordovaHttpPlugin.m */; };
		6E41C7D525F94A72956E505A /* TextResponseSerializer.m in Sources */ = {isa = PBXBuildFile; fileRef = 46B9F4CCD2EC42E68C7403FC /* TextResponseSerializer.m */; };
		0EA81099938544A2916AF0FC /* TextRequestSerializer.m in Sources */ = {isa = PBXBuildFile; fileRef = A5C913A8C47649358B0F2873 /* TextRequestSerializer.m */; };
		EE8FEEF3A825411B81DEE5B6 /* AFHTTPSessionManager.m in Sources */ = {isa = PBXBuildFile; fileRef = B88D3EF67A48478B86043795 /* AFHTTPSessionManager.m */; };
		2A04F0A135EE48FC916222A0 /* AFNetworkReachabilityManager.m in Sources */ = {isa = PBXBuildFile; fileRef = FA88CF42BFF74D74809C50C2 /* AFNetworkReachabilityManager.m */; };
		AD2162C9EBC64193B53EC09B /* AFSecurityPolicy.m in Sources */ = {isa = PBXBuildFile; fileRef = 0EADBC7257EE4D60BF139D86 /* AFSecurityPolicy.m */; };
		19F23B5862EF4878AAB08CCC /* AFURLRequestSerialization.m in Sources */ = {isa = PBXBuildFile; fileRef = 654ABA96FDF4423CB012FD63 /* AFURLRequestSerialization.m */; };
		A9B4462B373D47E4A4F9246C /* AFURLResponseSerialization.m in Sources */ = {isa = PBXBuildFile; fileRef = C202139D073B46A8A00ADBCB /* AFURLResponseSerialization.m */; };
		17371512BDB847A2A445B71C /* AFURLSessionManager.m in Sources */ = {isa = PBXBuildFile; fileRef = 8174720D0E7F4204A47C5DF7 /* AFURLSessionManager.m */; };
		E97B1FA1D35D43DBA0ABE34C /* SDNetworkActivityIndicator.m in Sources */ = {isa = PBXBuildFile; fileRef = CAD1FC6B0E5747FF9DD88AD4 /* SDNetworkActivityIndicator.m */; };
		A9D387E3AAA6482F861E4636 /* Security.framework in Frameworks */ = {isa = PBXBuildFile; fileRef = 0208D9A357B843A2B8544319 /* Security.framework */; };
		2156E311004545088A519D72 /* SystemConfiguration.framework in Frameworks */ = {isa = PBXBuildFile; fileRef = FC56CDBB6640465FB0BC7CEF /* SystemConfiguration.framework */; };
/* End PBXBuildFile section */

/* Begin PBXContainerItemProxy section */
		301BF534109A57CC0062928A /* PBXContainerItemProxy */ = {
			isa = PBXContainerItemProxy;
			containerPortal = 301BF52D109A57CC0062928A /* CordovaLib.xcodeproj */;
			proxyType = 2;
			remoteGlobalIDString = D2AAC07E0554694100DB518D;
			remoteInfo = CordovaLib;
		};
		301BF550109A68C00062928A /* PBXContainerItemProxy */ = {
			isa = PBXContainerItemProxy;
			containerPortal = 301BF52D109A57CC0062928A /* CordovaLib.xcodeproj */;
			proxyType = 1;
			remoteGlobalIDString = D2AAC07D0554694100DB518D;
			remoteInfo = CordovaLib;
		};
/* End PBXContainerItemProxy section */

/* Begin PBXFileReference section */
		0207DA571B56EA530066E2B4 /* Images.xcassets */ = {isa = PBXFileReference; lastKnownFileType = folder.assetcatalog; name = Images.xcassets; path = "ComuniTreeApp/Images.xcassets"; sourceTree = SOURCE_ROOT; };
		1D3623240D0F684500981E51 /* AppDelegate.h */ = {isa = PBXFileReference; fileEncoding = 4; lastKnownFileType = sourcecode.c.h; path = AppDelegate.h; sourceTree = "<group>"; };
		1D3623250D0F684500981E51 /* AppDelegate.m */ = {isa = PBXFileReference; fileEncoding = 4; lastKnownFileType = sourcecode.c.objc; path = AppDelegate.m; sourceTree = "<group>"; };
		1D6058910D05DD3D006BFB54 /* ComuniTreeApp.app */ = {isa = PBXFileReference; explicitFileType = wrapper.application; includeInIndex = 0; path = "ComuniTreeApp.app"; sourceTree = BUILT_PRODUCTS_DIR; };
		29B97316FDCFA39411CA2CEA /* main.m */ = {isa = PBXFileReference; fileEncoding = 4; lastKnownFileType = sourcecode.c.objc; path = main.m; sourceTree = "<group>"; };
		301BF52D109A57CC0062928A /* CordovaLib.xcodeproj */ = {isa = PBXFileReference; lastKnownFileType = "wrapper.pb-project"; path = CordovaLib/CordovaLib.xcodeproj; sourceTree = "<group>"; };
		301BF56E109A69640062928A /* www */ = {isa = PBXFileReference; lastKnownFileType = folder; path = www; sourceTree = SOURCE_ROOT; };
		302D95EE14D2391D003F00A1 /* MainViewController.h */ = {isa = PBXFileReference; fileEncoding = 4; lastKnownFileType = sourcecode.c.h; path = MainViewController.h; sourceTree = "<group>"; };
		302D95EF14D2391D003F00A1 /* MainViewController.m */ = {isa = PBXFileReference; fileEncoding = 4; lastKnownFileType = sourcecode.c.objc; path = MainViewController.m; sourceTree = "<group>"; };
		302D95F014D2391D003F00A1 /* MainViewController.xib */ = {isa = PBXFileReference; fileEncoding = 4; lastKnownFileType = file.xib; path = MainViewController.xib; sourceTree = "<group>"; };
		3047A50F1AB8059700498E2A /* build-debug.xcconfig */ = {isa = PBXFileReference; fileEncoding = 4; lastKnownFileType = text.xcconfig; name = "build-debug.xcconfig"; path = cordova/build-debug.xcconfig; sourceTree = SOURCE_ROOT; };
		3047A5101AB8059700498E2A /* build-release.xcconfig */ = {isa = PBXFileReference; fileEncoding = 4; lastKnownFileType = text.xcconfig; name = "build-release.xcconfig"; path = cordova/build-release.xcconfig; sourceTree = SOURCE_ROOT; };
		3047A5111AB8059700498E2A /* build.xcconfig */ = {isa = PBXFileReference; fileEncoding = 4; lastKnownFileType = text.xcconfig; name = build.xcconfig; path = cordova/build.xcconfig; sourceTree = SOURCE_ROOT; };
		32CA4F630368D1EE00C91783 /* ComuniTreeApp-Prefix.pch */ = {isa = PBXFileReference; fileEncoding = 4; lastKnownFileType = sourcecode.c.h; path = "ComuniTreeApp-Prefix.pch"; sourceTree = "<group>"; };
		6AFF5BF81D6E424B00AB3073 /* CDVLaunchScreen.storyboard */ = {isa = PBXFileReference; fileEncoding = 4; lastKnownFileType = file.storyboard; name = CDVLaunchScreen.storyboard; path = "ComuniTreeApp/CDVLaunchScreen.storyboard"; sourceTree = SOURCE_ROOT; };
		8D1107310486CEB800E47090 /* ComuniTreeApp-Info.plist */ = {isa = PBXFileReference; fileEncoding = 4; lastKnownFileType = text.plist.xml; name = "ComuniTreeApp-Info.plist"; path = "ComuniTreeApp/ComuniTreeApp-Info.plist"; plistStructureDefinitionIdentifier = "com.apple.xcode.plist.structure-definition.iphone.info-plist"; sourceTree = SOURCE_ROOT; };
		EB87FDF31871DA8E0020F90C /* www */ = {isa = PBXFileReference; lastKnownFileType = folder; name = www; path = ../../www; sourceTree = "<group>"; };
		EB87FDF41871DAF40020F90C /* config.xml */ = {isa = PBXFileReference; lastKnownFileType = text.xml; name = config.xml; path = ../../config.xml; sourceTree = "<group>"; };
		F840E1F0165FE0F500CFE078 /* config.xml */ = {isa = PBXFileReference; lastKnownFileType = text.xml; name = config.xml; path = "ComuniTreeApp/config.xml"; sourceTree = "<group>"; };
		ED33DF2A687741AEAF9F8254 /* Bridging-Header.h */ = {isa = PBXFileReference; fileEncoding = 4; lastKnownFileType = sourcecode.c.h; name = "Bridging-Header.h"; path = "Bridging-Header.h"; sourceTree = "<group>"; };
		311CE30471784CF9AA508BD5 /* UIImage+CropScaleOrientation.m */ = {isa = PBXFileReference; name = "UIImage+CropScaleOrientation.m"; path = "cordova-plugin-camera/UIImage+CropScaleOrientation.m"; sourceTree = "<group>"; fileEncoding = 4; lastKnownFileType = sourcecode.c.objc; explicitFileType = undefined; includeInIndex = 0; };
		CFB1AB33081B4EC1B4C58962 /* CDVCamera.m */ = {isa = PBXFileReference; name = "CDVCamera.m"; path = "cordova-plugin-camera/CDVCamera.m"; sourceTree = "<group>"; fileEncoding = 4; lastKnownFileType = sourcecode.c.objc; explicitFileType = undefined; includeInIndex = 0; };
		9679497957DF42E3A2F9A21A /* CDVJpegHeaderWriter.m */ = {isa = PBXFileReference; name = "CDVJpegHeaderWriter.m"; path = "cordova-plugin-camera/CDVJpegHeaderWriter.m"; sourceTree = "<group>"; fileEncoding = 4; lastKnownFileType = sourcecode.c.objc; explicitFileType = undefined; includeInIndex = 0; };
		BB5A7F23E5214FC5843C2404 /* UIImage+CropScaleOrientation.h */ = {isa = PBXFileReference; name = "UIImage+CropScaleOrientation.h"; path = "cordova-plugin-camera/UIImage+CropScaleOrientation.h"; sourceTree = "<group>"; fileEncoding = 4; lastKnownFileType = sourcecode.c.h; explicitFileType = undefined; includeInIndex = 0; };
		7F064EA4138646BEAC4A450A /* CDVCamera.h */ = {isa = PBXFileReference; name = "CDVCamera.h"; path = "cordova-plugin-camera/CDVCamera.h"; sourceTree = "<group>"; fileEncoding = 4; lastKnownFileType = sourcecode.c.h; explicitFileType = undefined; includeInIndex = 0; };
		224FBE08ECA34953A2FB66F7 /* CDVJpegHeaderWriter.h */ = {isa = PBXFileReference; name = "CDVJpegHeaderWriter.h"; path = "cordova-plugin-camera/CDVJpegHeaderWriter.h"; sourceTree = "<group>"; fileEncoding = 4; lastKnownFileType = sourcecode.c.h; explicitFileType = undefined; includeInIndex = 0; };
		60143B1AF3DA482080545D2F /* CDVExif.h */ = {isa = PBXFileReference; name = "CDVExif.h"; path = "cordova-plugin-camera/CDVExif.h"; sourceTree = "<group>"; fileEncoding = 4; lastKnownFileType = sourcecode.c.h; explicitFileType = undefined; includeInIndex = 0; };
		259AD61C8C124CF3B6824E60 /* ImageIO.framework */ = {isa = PBXFileReference; name = "ImageIO.framework"; path = "System/Library/Frameworks/ImageIO.framework"; sourceTree = SDKROOT; fileEncoding = undefined; lastKnownFileType = wrapper.framework; explicitFileType = undefined; includeInIndex = 0; };
		568BF5CE25784C96BD54DCBB /* CoreLocation.framework */ = {isa = PBXFileReference; name = "CoreLocation.framework"; path = "System/Library/Frameworks/CoreLocation.framework"; sourceTree = SDKROOT; fileEncoding = undefined; lastKnownFileType = wrapper.framework; explicitFileType = undefined; includeInIndex = 0; };
		BE5179D33D1F4F6195458427 /* AVFoundation.framework */ = {isa = PBXFileReference; name = "AVFoundation.framework"; path = "System/Library/Frameworks/AVFoundation.framework"; sourceTree = SDKROOT; fileEncoding = undefined; lastKnownFileType = wrapper.framework; explicitFileType = undefined; includeInIndex = 0; };
		CB40C41C63574417AC371845 /* CDVDevice.m */ = {isa = PBXFileReference; name = "CDVDevice.m"; path = "cordova-plugin-device/CDVDevice.m"; sourceTree = "<group>"; fileEncoding = 4; lastKnownFileType = sourcecode.c.objc; explicitFileType = undefined; includeInIndex = 0; };
		DF70B1F9674E425E9C3F8AD5 /* CDVDevice.h */ = {isa = PBXFileReference; name = "CDVDevice.h"; path = "cordova-plugin-device/CDVDevice.h"; sourceTree = "<group>"; fileEncoding = 4; lastKnownFileType = sourcecode.c.h; explicitFileType = undefined; includeInIndex = 0; };
		CD2B6B35F7A64452ABFAEF17 /* CDVLocation.m */ = {isa = PBXFileReference; name = "CDVLocation.m"; path = "cordova-plugin-geolocation/CDVLocation.m"; sourceTree = "<group>"; fileEncoding = 4; lastKnownFileType = sourcecode.c.objc; explicitFileType = undefined; includeInIndex = 0; };
		4E551D3465AF489ABA973812 /* CDVLocation.h */ = {isa = PBXFileReference; name = "CDVLocation.h"; path = "cordova-plugin-geolocation/CDVLocation.h"; sourceTree = "<group>"; fileEncoding = 4; lastKnownFileType = sourcecode.c.h; explicitFileType = undefined; includeInIndex = 0; };
		7C04E69D577A4969B3D12C88 /* CDVIonicKeyboard.m */ = {isa = PBXFileReference; name = "CDVIonicKeyboard.m"; path = "cordova-plugin-ionic-keyboard/CDVIonicKeyboard.m"; sourceTree = "<group>"; fileEncoding = 4; lastKnownFileType = sourcecode.c.objc; explicitFileType = undefined; includeInIndex = 0; };
		787E53B854674FCD93D3C9ED /* CDVIonicKeyboard.h */ = {isa = PBXFileReference; name = "CDVIonicKeyboard.h"; path = "cordova-plugin-ionic-keyboard/CDVIonicKeyboard.h"; sourceTree = "<group>"; fileEncoding = 4; lastKnownFileType = sourcecode.c.h; explicitFileType = undefined; includeInIndex = 0; };
		7492EE005C574359A43C4545 /* CDVWKWebViewEngine.m */ = {isa = PBXFileReference; name = "CDVWKWebViewEngine.m"; path = "cordova-plugin-ionic-webview/CDVWKWebViewEngine.m"; sourceTree = "<group>"; fileEncoding = 4; lastKnownFileType = sourcecode.c.objc; explicitFileType = undefined; includeInIndex = 0; };
		15FCA1BB9DCF4B4CA078D91D /* CDVWKWebViewUIDelegate.m */ = {isa = PBXFileReference; name = "CDVWKWebViewUIDelegate.m"; path = "cordova-plugin-ionic-webview/CDVWKWebViewUIDelegate.m"; sourceTree = "<group>"; fileEncoding = 4; lastKnownFileType = sourcecode.c.objc; explicitFileType = undefined; includeInIndex = 0; };
		14F499E446E54310A1302D76 /* CDVWKProcessPoolFactory.m */ = {isa = PBXFileReference; name = "CDVWKProcessPoolFactory.m"; path = "cordova-plugin-ionic-webview/CDVWKProcessPoolFactory.m"; sourceTree = "<group>"; fileEncoding = 4; lastKnownFileType = sourcecode.c.objc; explicitFileType = undefined; includeInIndex = 0; };
		C026F63310A4405F9D7FC937 /* GCDWebServer.m */ = {isa = PBXFileReference; name = "GCDWebServer.m"; path = "cordova-plugin-ionic-webview/GCDWebServer.m"; sourceTree = "<group>"; fileEncoding = 4; lastKnownFileType = sourcecode.c.objc; explicitFileType = undefined; includeInIndex = 0; };
		4C1E6C22A4A64BDA80FDF654 /* GCDWebServerConnection.m */ = {isa = PBXFileReference; name = "GCDWebServerConnection.m"; path = "cordova-plugin-ionic-webview/GCDWebServerConnection.m"; sourceTree = "<group>"; fileEncoding = 4; lastKnownFileType = sourcecode.c.objc; explicitFileType = undefined; includeInIndex = 0; };
		3A2CBCAE56B341D8A867C3CB /* GCDWebServerFunctions.m */ = {isa = PBXFileReference; name = "GCDWebServerFunctions.m"; path = "cordova-plugin-ionic-webview/GCDWebServerFunctions.m"; sourceTree = "<group>"; fileEncoding = 4; lastKnownFileType = sourcecode.c.objc; explicitFileType = undefined; includeInIndex = 0; };
		B6DDDB3FD4D84F8CB1087D44 /* GCDWebServerRequest.m */ = {isa = PBXFileReference; name = "GCDWebServerRequest.m"; path = "cordova-plugin-ionic-webview/GCDWebServerRequest.m"; sourceTree = "<group>"; fileEncoding = 4; lastKnownFileType = sourcecode.c.objc; explicitFileType = undefined; includeInIndex = 0; };
		DC9EB4A5E4F04F0E8316D892 /* GCDWebServerResponse.m */ = {isa = PBXFileReference; name = "GCDWebServerResponse.m"; path = "cordova-plugin-ionic-webview/GCDWebServerResponse.m"; sourceTree = "<group>"; fileEncoding = 4; lastKnownFileType = sourcecode.c.objc; explicitFileType = undefined; includeInIndex = 0; };
		CEFA30BB06C24805BCBBE7DB /* GCDWebServerDataRequest.m */ = {isa = PBXFileReference; name = "GCDWebServerDataRequest.m"; path = "cordova-plugin-ionic-webview/GCDWebServerDataRequest.m"; sourceTree = "<group>"; fileEncoding = 4; lastKnownFileType = sourcecode.c.objc; explicitFileType = undefined; includeInIndex = 0; };
		EC02FAA5CD96421C81953E8F /* GCDWebServerFileRequest.m */ = {isa = PBXFileReference; name = "GCDWebServerFileRequest.m"; path = "cordova-plugin-ionic-webview/GCDWebServerFileRequest.m"; sourceTree = "<group>"; fileEncoding = 4; lastKnownFileType = sourcecode.c.objc; explicitFileType = undefined; includeInIndex = 0; };
		E4C4C17A41D14AEBB3012564 /* GCDWebServerMultiPartFormRequest.m */ = {isa = PBXFileReference; name = "GCDWebServerMultiPartFormRequest.m"; path = "cordova-plugin-ionic-webview/GCDWebServerMultiPartFormRequest.m"; sourceTree = "<group>"; fileEncoding = 4; lastKnownFileType = sourcecode.c.objc; explicitFileType = undefined; includeInIndex = 0; };
		8BEAB96EF0F94E1EB9C70E42 /* GCDWebServerURLEncodedFormRequest.m */ = {isa = PBXFileReference; name = "GCDWebServerURLEncodedFormRequest.m"; path = "cordova-plugin-ionic-webview/GCDWebServerURLEncodedFormRequest.m"; sourceTree = "<group>"; fileEncoding = 4; lastKnownFileType = sourcecode.c.objc; explicitFileType = undefined; includeInIndex = 0; };
		0709C4A5AC644E2C8019EADB /* GCDWebServerDataResponse.m */ = {isa = PBXFileReference; name = "GCDWebServerDataResponse.m"; path = "cordova-plugin-ionic-webview/GCDWebServerDataResponse.m"; sourceTree = "<group>"; fileEncoding = 4; lastKnownFileType = sourcecode.c.objc; explicitFileType = undefined; includeInIndex = 0; };
		88BFC68EF3CA4A7EA2DD6FFA /* GCDWebServerErrorResponse.m */ = {isa = PBXFileReference; name = "GCDWebServerErrorResponse.m"; path = "cordova-plugin-ionic-webview/GCDWebServerErrorResponse.m"; sourceTree = "<group>"; fileEncoding = 4; lastKnownFileType = sourcecode.c.objc; explicitFileType = undefined; includeInIndex = 0; };
		BD8191C9430D4255A8D1DCCF /* GCDWebServerFileResponse.m */ = {isa = PBXFileReference; name = "GCDWebServerFileResponse.m"; path = "cordova-plugin-ionic-webview/GCDWebServerFileResponse.m"; sourceTree = "<group>"; fileEncoding = 4; lastKnownFileType = sourcecode.c.objc; explicitFileType = undefined; includeInIndex = 0; };
		8D3108BDDD824C7C958DC0CA /* GCDWebServerStreamedResponse.m */ = {isa = PBXFileReference; name = "GCDWebServerStreamedResponse.m"; path = "cordova-plugin-ionic-webview/GCDWebServerStreamedResponse.m"; sourceTree = "<group>"; fileEncoding = 4; lastKnownFileType = sourcecode.c.objc; explicitFileType = undefined; includeInIndex = 0; };
		AA969D23D9E34D8D927AAC6B /* CDVWKWebViewEngine.h */ = {isa = PBXFileReference; name = "CDVWKWebViewEngine.h"; path = "cordova-plugin-ionic-webview/CDVWKWebViewEngine.h"; sourceTree = "<group>"; fileEncoding = 4; lastKnownFileType = sourcecode.c.h; explicitFileType = undefined; includeInIndex = 0; };
		7FEA23ADF5914B4087054509 /* CDVWKWebViewUIDelegate.h */ = {isa = PBXFileReference; name = "CDVWKWebViewUIDelegate.h"; path = "cordova-plugin-ionic-webview/CDVWKWebViewUIDelegate.h"; sourceTree = "<group>"; fileEncoding = 4; lastKnownFileType = sourcecode.c.h; explicitFileType = undefined; includeInIndex = 0; };
		A57B3900B40C4E0B88AC433A /* CDVWKProcessPoolFactory.h */ = {isa = PBXFileReference; name = "CDVWKProcessPoolFactory.h"; path = "cordova-plugin-ionic-webview/CDVWKProcessPoolFactory.h"; sourceTree = "<group>"; fileEncoding = 4; lastKnownFileType = sourcecode.c.h; explicitFileType = undefined; includeInIndex = 0; };
		563DD6C97FF246AD88D19718 /* GCDWebServer.h */ = {isa = PBXFileReference; name = "GCDWebServer.h"; path = "cordova-plugin-ionic-webview/GCDWebServer.h"; sourceTree = "<group>"; fileEncoding = 4; lastKnownFileType = sourcecode.c.h; explicitFileType = undefined; includeInIndex = 0; };
		8CCA9CB77BB148D0A5F67848 /* GCDWebServerConnection.h */ = {isa = PBXFileReference; name = "GCDWebServerConnection.h"; path = "cordova-plugin-ionic-webview/GCDWebServerConnection.h"; sourceTree = "<group>"; fileEncoding = 4; lastKnownFileType = sourcecode.c.h; explicitFileType = undefined; includeInIndex = 0; };
		14A0943DDED843718D80327C /* GCDWebServerFunctions.h */ = {isa = PBXFileReference; name = "GCDWebServerFunctions.h"; path = "cordova-plugin-ionic-webview/GCDWebServerFunctions.h"; sourceTree = "<group>"; fileEncoding = 4; lastKnownFileType = sourcecode.c.h; explicitFileType = undefined; includeInIndex = 0; };
		73A303EE65E64F7EAE0FE443 /* GCDWebServerHTTPStatusCodes.h */ = {isa = PBXFileReference; name = "GCDWebServerHTTPStatusCodes.h"; path = "cordova-plugin-ionic-webview/GCDWebServerHTTPStatusCodes.h"; sourceTree = "<group>"; fileEncoding = 4; lastKnownFileType = sourcecode.c.h; explicitFileType = undefined; includeInIndex = 0; };
		966489A305F644BDA1310976 /* GCDWebServerPrivate.h */ = {isa = PBXFileReference; name = "GCDWebServerPrivate.h"; path = "cordova-plugin-ionic-webview/GCDWebServerPrivate.h"; sourceTree = "<group>"; fileEncoding = 4; lastKnownFileType = sourcecode.c.h; explicitFileType = undefined; includeInIndex = 0; };
		00F31A16B975481E90DE285D /* GCDWebServerRequest.h */ = {isa = PBXFileReference; name = "GCDWebServerRequest.h"; path = "cordova-plugin-ionic-webview/GCDWebServerRequest.h"; sourceTree = "<group>"; fileEncoding = 4; lastKnownFileType = sourcecode.c.h; explicitFileType = undefined; includeInIndex = 0; };
		9D4C95D15CCD4D909F77DC25 /* GCDWebServerResponse.h */ = {isa = PBXFileReference; name = "GCDWebServerResponse.h"; path = "cordova-plugin-ionic-webview/GCDWebServerResponse.h"; sourceTree = "<group>"; fileEncoding = 4; lastKnownFileType = sourcecode.c.h; explicitFileType = undefined; includeInIndex = 0; };
		17C86CA385F0401FAF7B88A4 /* GCDWebServerDataRequest.h */ = {isa = PBXFileReference; name = "GCDWebServerDataRequest.h"; path = "cordova-plugin-ionic-webview/GCDWebServerDataRequest.h"; sourceTree = "<group>"; fileEncoding = 4; lastKnownFileType = sourcecode.c.h; explicitFileType = undefined; includeInIndex = 0; };
		04AF93199A6B4A83AFDBD0F7 /* GCDWebServerFileRequest.h */ = {isa = PBXFileReference; name = "GCDWebServerFileRequest.h"; path = "cordova-plugin-ionic-webview/GCDWebServerFileRequest.h"; sourceTree = "<group>"; fileEncoding = 4; lastKnownFileType = sourcecode.c.h; explicitFileType = undefined; includeInIndex = 0; };
		3720903134CB4AED80449139 /* GCDWebServerMultiPartFormRequest.h */ = {isa = PBXFileReference; name = "GCDWebServerMultiPartFormRequest.h"; path = "cordova-plugin-ionic-webview/GCDWebServerMultiPartFormRequest.h"; sourceTree = "<group>"; fileEncoding = 4; lastKnownFileType = sourcecode.c.h; explicitFileType = undefined; includeInIndex = 0; };
		3D894FEB79F841548BA1A9D2 /* GCDWebServerURLEncodedFormRequest.h */ = {isa = PBXFileReference; name = "GCDWebServerURLEncodedFormRequest.h"; path = "cordova-plugin-ionic-webview/GCDWebServerURLEncodedFormRequest.h"; sourceTree = "<group>"; fileEncoding = 4; lastKnownFileType = sourcecode.c.h; explicitFileType = undefined; includeInIndex = 0; };
		6184B2DFA4DF470E8752A974 /* GCDWebServerDataResponse.h */ = {isa = PBXFileReference; name = "GCDWebServerDataResponse.h"; path = "cordova-plugin-ionic-webview/GCDWebServerDataResponse.h"; sourceTree = "<group>"; fileEncoding = 4; lastKnownFileType = sourcecode.c.h; explicitFileType = undefined; includeInIndex = 0; };
		1D1E3EC336174856B99DA777 /* GCDWebServerErrorResponse.h */ = {isa = PBXFileReference; name = "GCDWebServerErrorResponse.h"; path = "cordova-plugin-ionic-webview/GCDWebServerErrorResponse.h"; sourceTree = "<group>"; fileEncoding = 4; lastKnownFileType = sourcecode.c.h; explicitFileType = undefined; includeInIndex = 0; };
		FA73C9993C5547798405856E /* GCDWebServerFileResponse.h */ = {isa = PBXFileReference; name = "GCDWebServerFileResponse.h"; path = "cordova-plugin-ionic-webview/GCDWebServerFileResponse.h"; sourceTree = "<group>"; fileEncoding = 4; lastKnownFileType = sourcecode.c.h; explicitFileType = undefined; includeInIndex = 0; };
		11A86D845F3D45FF990DBCCE /* GCDWebServerStreamedResponse.h */ = {isa = PBXFileReference; name = "GCDWebServerStreamedResponse.h"; path = "cordova-plugin-ionic-webview/GCDWebServerStreamedResponse.h"; sourceTree = "<group>"; fileEncoding = 4; lastKnownFileType = sourcecode.c.h; explicitFileType = undefined; includeInIndex = 0; };
		A99E75A8541D4401BA5C9CF7 /* WebKit.framework */ = {isa = PBXFileReference; name = "WebKit.framework"; path = "System/Library/Frameworks/WebKit.framework"; sourceTree = SDKROOT; fileEncoding = undefined; lastKnownFileType = wrapper.framework; explicitFileType = undefined; includeInIndex = 0; };
		3D50A4C432A3413D94E4AE0C /* libz.tbd */ = {isa = PBXFileReference; name = "libz.tbd"; path = "usr/lib/libz.tbd"; sourceTree = SDKROOT; fileEncoding = undefined; lastKnownFileType = sourcecode.text-based-dylib-definition; explicitFileType = undefined; includeInIndex = 0; };
		AAF532A8496A435BBF28FF52 /* CDVSplashScreen.m */ = {isa = PBXFileReference; name = "CDVSplashScreen.m"; path = "cordova-plugin-splashscreen/CDVSplashScreen.m"; sourceTree = "<group>"; fileEncoding = 4; lastKnownFileType = sourcecode.c.objc; explicitFileType = undefined; includeInIndex = 0; };
		ECFD07C8387C402B946313FE /* CDVViewController+SplashScreen.m */ = {isa = PBXFileReference; name = "CDVViewController+SplashScreen.m"; path = "cordova-plugin-splashscreen/CDVViewController+SplashScreen.m"; sourceTree = "<group>"; fileEncoding = 4; lastKnownFileType = sourcecode.c.objc; explicitFileType = undefined; includeInIndex = 0; };
		C46FB570413D4ABC823DA962 /* CDVSplashScreen.h */ = {isa = PBXFileReference; name = "CDVSplashScreen.h"; path = "cordova-plugin-splashscreen/CDVSplashScreen.h"; sourceTree = "<group>"; fileEncoding = 4; lastKnownFileType = sourcecode.c.h; explicitFileType = undefined; includeInIndex = 0; };
		3C2A7B6692974092B3E338F6 /* CDVViewController+SplashScreen.h */ = {isa = PBXFileReference; name = "CDVViewController+SplashScreen.h"; path = "cordova-plugin-splashscreen/CDVViewController+SplashScreen.h"; sourceTree = "<group>"; fileEncoding = 4; lastKnownFileType = sourcecode.c.h; explicitFileType = undefined; includeInIndex = 0; };
		63D45DAA15A7406895814CF5 /* CDVStatusBar.m */ = {isa = PBXFileReference; name = "CDVStatusBar.m"; path = "cordova-plugin-statusbar/CDVStatusBar.m"; sourceTree = "<group>"; fileEncoding = 4; lastKnownFileType = sourcecode.c.objc; explicitFileType = undefined; includeInIndex = 0; };
		32B25E951CB94A7AA15B2D4B /* CDVStatusBar.h */ = {isa = PBXFileReference; name = "CDVStatusBar.h"; path = "cordova-plugin-statusbar/CDVStatusBar.h"; sourceTree = "<group>"; fileEncoding = 4; lastKnownFileType = sourcecode.c.h; explicitFileType = undefined; includeInIndex = 0; };
		FE3FF906FD4F4790BFCE4496 /* PluginObjects.m */ = {isa = PBXFileReference; name = "PluginObjects.m"; path = "cordova-plugin-googlemaps/PluginObjects.m"; sourceTree = "<group>"; fileEncoding = 4; lastKnownFileType = sourcecode.c.objc; explicitFileType = undefined; includeInIndex = 0; };
		F222E5E22FF34EF680B33324 /* PluginCircle.m */ = {isa = PBXFileReference; name = "PluginCircle.m"; path = "cordova-plugin-googlemaps/PluginCircle.m"; sourceTree = "<group>"; fileEncoding = 4; lastKnownFileType = sourcecode.c.objc; explicitFileType = undefined; includeInIndex = 0; };
		6C2CFAB9CE6348348A6BA7C6 /* PluginGeocoder.m */ = {isa = PBXFileReference; name = "PluginGeocoder.m"; path = "cordova-plugin-googlemaps/PluginGeocoder.m"; sourceTree = "<group>"; fileEncoding = 4; lastKnownFileType = sourcecode.c.objc; explicitFileType = undefined; includeInIndex = 0; };
		F4B17DCEE9C04E22932D3009 /* PluginLocationService.m */ = {isa = PBXFileReference; name = "PluginLocationService.m"; path = "cordova-plugin-googlemaps/PluginLocationService.m"; sourceTree = "<group>"; fileEncoding = 4; lastKnownFileType = sourcecode.c.objc; explicitFileType = undefined; includeInIndex = 0; };
		20C7E373C4CD440BA4EA2E65 /* PluginEnvironment.m */ = {isa = PBXFileReference; name = "PluginEnvironment.m"; path = "cordova-plugin-googlemaps/PluginEnvironment.m"; sourceTree = "<group>"; fileEncoding = 4; lastKnownFileType = sourcecode.c.objc; explicitFileType = undefined; includeInIndex = 0; };
		29BB33EFE3D94AFA8FD92638 /* CordovaGoogleMaps.m */ = {isa = PBXFileReference; name = "CordovaGoogleMaps.m"; path = "cordova-plugin-googlemaps/CordovaGoogleMaps.m"; sourceTree = "<group>"; fileEncoding = 4; lastKnownFileType = sourcecode.c.objc; explicitFileType = undefined; includeInIndex = 0; };
		4D692E2DDA5A4A3694A21C60 /* PluginMapViewController.m */ = {isa = PBXFileReference; name = "PluginMapViewController.m"; path = "cordova-plugin-googlemaps/PluginMapViewController.m"; sourceTree = "<group>"; fileEncoding = 4; lastKnownFileType = sourcecode.c.objc; explicitFileType = undefined; includeInIndex = 0; };
		895F3F7AABD64C2EB57A5165 /* PluginGroundOverlay.m */ = {isa = PBXFileReference; name = "PluginGroundOverlay.m"; path = "cordova-plugin-googlemaps/PluginGroundOverlay.m"; sourceTree = "<group>"; fileEncoding = 4; lastKnownFileType = sourcecode.c.objc; explicitFileType = undefined; includeInIndex = 0; };
		29A162719ACD48D691896E3A /* PluginKmlOverlay.m */ = {isa = PBXFileReference; name = "PluginKmlOverlay.m"; path = "cordova-plugin-googlemaps/PluginKmlOverlay.m"; sourceTree = "<group>"; fileEncoding = 4; lastKnownFileType = sourcecode.c.objc; explicitFileType = undefined; includeInIndex = 0; };
		56D150F8D23846D7B739FA6A /* PluginMap.m */ = {isa = PBXFileReference; name = "PluginMap.m"; path = "cordova-plugin-googlemaps/PluginMap.m"; sourceTree = "<group>"; fileEncoding = 4; lastKnownFileType = sourcecode.c.objc; explicitFileType = undefined; includeInIndex = 0; };
		1CD5A4A507844E9C8EE758EC /* PluginMarker.m */ = {isa = PBXFileReference; name = "PluginMarker.m"; path = "cordova-plugin-googlemaps/PluginMarker.m"; sourceTree = "<group>"; fileEncoding = 4; lastKnownFileType = sourcecode.c.objc; explicitFileType = undefined; includeInIndex = 0; };
		AF7197D4551C4D099370AC2A /* PluginUtil.m */ = {isa = PBXFileReference; name = "PluginUtil.m"; path = "cordova-plugin-googlemaps/PluginUtil.m"; sourceTree = "<group>"; fileEncoding = 4; lastKnownFileType = sourcecode.c.objc; explicitFileType = undefined; includeInIndex = 0; };
		9B27AABB9EAD49BEA5C74492 /* PluginPolygon.m */ = {isa = PBXFileReference; name = "PluginPolygon.m"; path = "cordova-plugin-googlemaps/PluginPolygon.m"; sourceTree = "<group>"; fileEncoding = 4; lastKnownFileType = sourcecode.c.objc; explicitFileType = undefined; includeInIndex = 0; };
		A6FFA7B640744229AA5E3244 /* PluginPolyline.m */ = {isa = PBXFileReference; name = "PluginPolyline.m"; path = "cordova-plugin-googlemaps/PluginPolyline.m"; sourceTree = "<group>"; fileEncoding = 4; lastKnownFileType = sourcecode.c.objc; explicitFileType = undefined; includeInIndex = 0; };
		66B41598E1DF462886F3BB15 /* PluginTileProvider.m */ = {isa = PBXFileReference; name = "PluginTileProvider.m"; path = "cordova-plugin-googlemaps/PluginTileProvider.m"; sourceTree = "<group>"; fileEncoding = 4; lastKnownFileType = sourcecode.c.objc; explicitFileType = undefined; includeInIndex = 0; };
		01EA2ED03CBE48B69E1AA7A6 /* TBXML.m */ = {isa = PBXFileReference; name = "TBXML.m"; path = "cordova-plugin-googlemaps/TBXML.m"; sourceTree = "<group>"; fileEncoding = 4; lastKnownFileType = sourcecode.c.objc; explicitFileType = undefined; includeInIndex = 0; };
		2CC47897C5AF4F0EB23AED29 /* PluginTileOverlay.m */ = {isa = PBXFileReference; name = "PluginTileOverlay.m"; path = "cordova-plugin-googlemaps/PluginTileOverlay.m"; sourceTree = "<group>"; fileEncoding = 4; lastKnownFileType = sourcecode.c.objc; explicitFileType = undefined; includeInIndex = 0; };
		3D43B6D3D0B049B69DC2A0C9 /* NSData+Base64.m */ = {isa = PBXFileReference; name = "NSData+Base64.m"; path = "cordova-plugin-googlemaps/NSData+Base64.m"; sourceTree = "<group>"; fileEncoding = 4; lastKnownFileType = sourcecode.c.objc; explicitFileType = undefined; includeInIndex = 0; };
		9C6CD2D240E543AA96CD359D /* GMSCoordinateBounds+Geometry.m */ = {isa = PBXFileReference; name = "GMSCoordinateBounds+Geometry.m"; path = "cordova-plugin-googlemaps/GMSCoordinateBounds+Geometry.m"; sourceTree = "<group>"; fileEncoding = 4; lastKnownFileType = sourcecode.c.objc; explicitFileType = undefined; includeInIndex = 0; };
		FC3129CB33A04E71A0B76F15 /* MyPluginLayer.m */ = {isa = PBXFileReference; name = "MyPluginLayer.m"; path = "cordova-plugin-googlemaps/MyPluginLayer.m"; sourceTree = "<group>"; fileEncoding = 4; lastKnownFileType = sourcecode.c.objc; explicitFileType = undefined; includeInIndex = 0; };
		2EFB13B98FA8402FA59CD893 /* MyPluginScrollView.m */ = {isa = PBXFileReference; name = "MyPluginScrollView.m"; path = "cordova-plugin-googlemaps/MyPluginScrollView.m"; sourceTree = "<group>"; fileEncoding = 4; lastKnownFileType = sourcecode.c.objc; explicitFileType = undefined; includeInIndex = 0; };
		EA8CD3D7B44145A29DFBDA51 /* PluginMarkerCluster.m */ = {isa = PBXFileReference; name = "PluginMarkerCluster.m"; path = "cordova-plugin-googlemaps/PluginMarkerCluster.m"; sourceTree = "<group>"; fileEncoding = 4; lastKnownFileType = sourcecode.c.objc; explicitFileType = undefined; includeInIndex = 0; };
		21489DA7D145449290FBCD7A /* UIImageCache.m */ = {isa = PBXFileReference; name = "UIImageCache.m"; path = "cordova-plugin-googlemaps/UIImageCache.m"; sourceTree = "<group>"; fileEncoding = 4; lastKnownFileType = sourcecode.c.objc; explicitFileType = undefined; includeInIndex = 0; };
		BB50F3417C0F4F84B863CA65 /* PluginStreetViewPanorama.m */ = {isa = PBXFileReference; name = "PluginStreetViewPanorama.m"; path = "cordova-plugin-googlemaps/PluginStreetViewPanorama.m"; sourceTree = "<group>"; fileEncoding = 4; lastKnownFileType = sourcecode.c.objc; explicitFileType = undefined; includeInIndex = 0; };
		C77B5E5598F04A28A320486A /* PluginStreetViewPanoramaController.m */ = {isa = PBXFileReference; name = "PluginStreetViewPanoramaController.m"; path = "cordova-plugin-googlemaps/PluginStreetViewPanoramaController.m"; sourceTree = "<group>"; fileEncoding = 4; lastKnownFileType = sourcecode.c.objc; explicitFileType = undefined; includeInIndex = 0; };
		645D30191F0E43EBA571869F /* PluginViewController.m */ = {isa = PBXFileReference; name = "PluginViewController.m"; path = "cordova-plugin-googlemaps/PluginViewController.m"; sourceTree = "<group>"; fileEncoding = 4; lastKnownFileType = sourcecode.c.objc; explicitFileType = undefined; includeInIndex = 0; };
		624F18AA6F0C4729BAD5B4C0 /* PluginObjects.h */ = {isa = PBXFileReference; name = "PluginObjects.h"; path = "cordova-plugin-googlemaps/PluginObjects.h"; sourceTree = "<group>"; fileEncoding = 4; lastKnownFileType = sourcecode.c.h; explicitFileType = undefined; includeInIndex = 0; };
		2D9AA2F7C52042C687DF21C4 /* PluginCircle.h */ = {isa = PBXFileReference; name = "PluginCircle.h"; path = "cordova-plugin-googlemaps/PluginCircle.h"; sourceTree = "<group>"; fileEncoding = 4; lastKnownFileType = sourcecode.c.h; explicitFileType = undefined; includeInIndex = 0; };
		A54442606B264114919E8B3A /* PluginGeocoder.h */ = {isa = PBXFileReference; name = "PluginGeocoder.h"; path = "cordova-plugin-googlemaps/PluginGeocoder.h"; sourceTree = "<group>"; fileEncoding = 4; lastKnownFileType = sourcecode.c.h; explicitFileType = undefined; includeInIndex = 0; };
		F7C0888D68774F819419BD61 /* PluginLocationService.h */ = {isa = PBXFileReference; name = "PluginLocationService.h"; path = "cordova-plugin-googlemaps/PluginLocationService.h"; sourceTree = "<group>"; fileEncoding = 4; lastKnownFileType = sourcecode.c.h; explicitFileType = undefined; includeInIndex = 0; };
		5420A2C110894CB89DE72B1B /* PluginEnvironment.h */ = {isa = PBXFileReference; name = "PluginEnvironment.h"; path = "cordova-plugin-googlemaps/PluginEnvironment.h"; sourceTree = "<group>"; fileEncoding = 4; lastKnownFileType = sourcecode.c.h; explicitFileType = undefined; includeInIndex = 0; };
		D92EEFF1B231483D975E87F7 /* CordovaGoogleMaps.h */ = {isa = PBXFileReference; name = "CordovaGoogleMaps.h"; path = "cordova-plugin-googlemaps/CordovaGoogleMaps.h"; sourceTree = "<group>"; fileEncoding = 4; lastKnownFileType = sourcecode.c.h; explicitFileType = undefined; includeInIndex = 0; };
		2730A55EE58B449CA170AEE1 /* PluginMapViewController.h */ = {isa = PBXFileReference; name = "PluginMapViewController.h"; path = "cordova-plugin-googlemaps/PluginMapViewController.h"; sourceTree = "<group>"; fileEncoding = 4; lastKnownFileType = sourcecode.c.h; explicitFileType = undefined; includeInIndex = 0; };
		80DC02066BC64D06B2C7CB41 /* PluginGroundOverlay.h */ = {isa = PBXFileReference; name = "PluginGroundOverlay.h"; path = "cordova-plugin-googlemaps/PluginGroundOverlay.h"; sourceTree = "<group>"; fileEncoding = 4; lastKnownFileType = sourcecode.c.h; explicitFileType = undefined; includeInIndex = 0; };
		2913127A34EA44AFAC4F4DB7 /* PluginKmlOverlay.h */ = {isa = PBXFileReference; name = "PluginKmlOverlay.h"; path = "cordova-plugin-googlemaps/PluginKmlOverlay.h"; sourceTree = "<group>"; fileEncoding = 4; lastKnownFileType = sourcecode.c.h; explicitFileType = undefined; includeInIndex = 0; };
		6D3F1F390699455BB74F448D /* PluginMap.h */ = {isa = PBXFileReference; name = "PluginMap.h"; path = "cordova-plugin-googlemaps/PluginMap.h"; sourceTree = "<group>"; fileEncoding = 4; lastKnownFileType = sourcecode.c.h; explicitFileType = undefined; includeInIndex = 0; };
		48A27B3395174963BB74C3F8 /* PluginMarker.h */ = {isa = PBXFileReference; name = "PluginMarker.h"; path = "cordova-plugin-googlemaps/PluginMarker.h"; sourceTree = "<group>"; fileEncoding = 4; lastKnownFileType = sourcecode.c.h; explicitFileType = undefined; includeInIndex = 0; };
		FEB9D29465D64622A15EADF7 /* PluginUtil.h */ = {isa = PBXFileReference; name = "PluginUtil.h"; path = "cordova-plugin-googlemaps/PluginUtil.h"; sourceTree = "<group>"; fileEncoding = 4; lastKnownFileType = sourcecode.c.h; explicitFileType = undefined; includeInIndex = 0; };
		3B7AE0C1CE0848DE91D4DA3E /* PluginPolygon.h */ = {isa = PBXFileReference; name = "PluginPolygon.h"; path = "cordova-plugin-googlemaps/PluginPolygon.h"; sourceTree = "<group>"; fileEncoding = 4; lastKnownFileType = sourcecode.c.h; explicitFileType = undefined; includeInIndex = 0; };
		881BC47C864341699750BD86 /* PluginPolyline.h */ = {isa = PBXFileReference; name = "PluginPolyline.h"; path = "cordova-plugin-googlemaps/PluginPolyline.h"; sourceTree = "<group>"; fileEncoding = 4; lastKnownFileType = sourcecode.c.h; explicitFileType = undefined; includeInIndex = 0; };
		FF6D421F55094CB784AD4D11 /* PluginTileProvider.h */ = {isa = PBXFileReference; name = "PluginTileProvider.h"; path = "cordova-plugin-googlemaps/PluginTileProvider.h"; sourceTree = "<group>"; fileEncoding = 4; lastKnownFileType = sourcecode.c.h; explicitFileType = undefined; includeInIndex = 0; };
		CDA70D3AC5564F3B9F27FEC7 /* TBXML.h */ = {isa = PBXFileReference; name = "TBXML.h"; path = "cordova-plugin-googlemaps/TBXML.h"; sourceTree = "<group>"; fileEncoding = 4; lastKnownFileType = sourcecode.c.h; explicitFileType = undefined; includeInIndex = 0; };
		8005A26DC2664B6299B415E3 /* PluginTileOverlay.h */ = {isa = PBXFileReference; name = "PluginTileOverlay.h"; path = "cordova-plugin-googlemaps/PluginTileOverlay.h"; sourceTree = "<group>"; fileEncoding = 4; lastKnownFileType = sourcecode.c.h; explicitFileType = undefined; includeInIndex = 0; };
		26C4A716D9E04949A17D0E25 /* NSData+Base64.h */ = {isa = PBXFileReference; name = "NSData+Base64.h"; path = "cordova-plugin-googlemaps/NSData+Base64.h"; sourceTree = "<group>"; fileEncoding = 4; lastKnownFileType = sourcecode.c.h; explicitFileType = undefined; includeInIndex = 0; };
		51B6C6EAA27F49B5A93423AE /* NSData+Base64.podspec */ = {isa = PBXFileReference; name = "NSData+Base64.podspec"; path = "cordova-plugin-googlemaps/NSData+Base64.podspec"; sourceTree = "<group>"; fileEncoding = undefined; lastKnownFileType = unknown; explicitFileType = undefined; includeInIndex = 0; };
		645F37787A5F447CAD911939 /* GMSCoordinateBounds+Geometry.h */ = {isa = PBXFileReference; name = "GMSCoordinateBounds+Geometry.h"; path = "cordova-plugin-googlemaps/GMSCoordinateBounds+Geometry.h"; sourceTree = "<group>"; fileEncoding = 4; lastKnownFileType = sourcecode.c.h; explicitFileType = undefined; includeInIndex = 0; };
		C8854A4CCB364AC494AE8193 /* MyPluginLayer.h */ = {isa = PBXFileReference; name = "MyPluginLayer.h"; path = "cordova-plugin-googlemaps/MyPluginLayer.h"; sourceTree = "<group>"; fileEncoding = 4; lastKnownFileType = sourcecode.c.h; explicitFileType = undefined; includeInIndex = 0; };
		D9F967CBB7D44F50B8DF3F19 /* MyPluginScrollView.h */ = {isa = PBXFileReference; name = "MyPluginScrollView.h"; path = "cordova-plugin-googlemaps/MyPluginScrollView.h"; sourceTree = "<group>"; fileEncoding = 4; lastKnownFileType = sourcecode.c.h; explicitFileType = undefined; includeInIndex = 0; };
		B1A7A17502B842A9BE49707C /* PluginMarkerCluster.h */ = {isa = PBXFileReference; name = "PluginMarkerCluster.h"; path = "cordova-plugin-googlemaps/PluginMarkerCluster.h"; sourceTree = "<group>"; fileEncoding = 4; lastKnownFileType = sourcecode.c.h; explicitFileType = undefined; includeInIndex = 0; };
		4DBC3B1337D1473081882622 /* UIImageCache.h */ = {isa = PBXFileReference; name = "UIImageCache.h"; path = "cordova-plugin-googlemaps/UIImageCache.h"; sourceTree = "<group>"; fileEncoding = 4; lastKnownFileType = sourcecode.c.h; explicitFileType = undefined; includeInIndex = 0; };
		BA2FA58E44BC45C38F72D45E /* PluginStreetViewPanorama.h */ = {isa = PBXFileReference; name = "PluginStreetViewPanorama.h"; path = "cordova-plugin-googlemaps/PluginStreetViewPanorama.h"; sourceTree = "<group>"; fileEncoding = 4; lastKnownFileType = sourcecode.c.h; explicitFileType = undefined; includeInIndex = 0; };
		73AC6B96281C4F08BC9DF9B7 /* PluginStreetViewPanoramaController.h */ = {isa = PBXFileReference; name = "PluginStreetViewPanoramaController.h"; path = "cordova-plugin-googlemaps/PluginStreetViewPanoramaController.h"; sourceTree = "<group>"; fileEncoding = 4; lastKnownFileType = sourcecode.c.h; explicitFileType = undefined; includeInIndex = 0; };
		62EC2FC743474BE2B3DED670 /* PluginViewController.h */ = {isa = PBXFileReference; name = "PluginViewController.h"; path = "cordova-plugin-googlemaps/PluginViewController.h"; sourceTree = "<group>"; fileEncoding = 4; lastKnownFileType = sourcecode.c.h; explicitFileType = undefined; includeInIndex = 0; };
		B78B8F42365142B185348D5D /* IPluginView.h */ = {isa = PBXFileReference; name = "IPluginView.h"; path = "cordova-plugin-googlemaps/IPluginView.h"; sourceTree = "<group>"; fileEncoding = 4; lastKnownFileType = sourcecode.c.h; explicitFileType = undefined; includeInIndex = 0; };
		02663098CC1D469F870E1E7A /* IPluginProtocol.h */ = {isa = PBXFileReference; name = "IPluginProtocol.h"; path = "cordova-plugin-googlemaps/IPluginProtocol.h"; sourceTree = "<group>"; fileEncoding = 4; lastKnownFileType = sourcecode.c.h; explicitFileType = undefined; includeInIndex = 0; };
		58EB2DF8EF844550B5794444 /* pgm_Localizable_en.json */ = {isa = PBXFileReference; name = "pgm_Localizable_en.json"; path = "pgm_Localizable_en.json"; sourceTree = "<group>"; fileEncoding = undefined; lastKnownFileType = unknown; explicitFileType = undefined; includeInIndex = 0; };
		6C4FE413C4F94F569E7E8B27 /* pgm_Localizable_ja.json */ = {isa = PBXFileReference; name = "pgm_Localizable_ja.json"; path = "pgm_Localizable_ja.json"; sourceTree = "<group>"; fileEncoding = undefined; lastKnownFileType = unknown; explicitFileType = undefined; includeInIndex = 0; };
		9D8274EB660F487C964C5532 /* pgm_Localizable_ru.json */ = {isa = PBXFileReference; name = "pgm_Localizable_ru.json"; path = "pgm_Localizable_ru.json"; sourceTree = "<group>"; fileEncoding = undefined; lastKnownFileType = unknown; explicitFileType = undefined; includeInIndex = 0; };
		F9910A18C0FE49849E50BE40 /* pgm_Localizable_uk.json */ = {isa = PBXFileReference; name = "pgm_Localizable_uk.json"; path = "pgm_Localizable_uk.json"; sourceTree = "<group>"; fileEncoding = undefined; lastKnownFileType = unknown; explicitFileType = undefined; includeInIndex = 0; };
		61271AF967394DB9875C39CD /* pgm_Localizable_pt-BR.json */ = {isa = PBXFileReference; name = "pgm_Localizable_pt-BR.json"; path = "pgm_Localizable_pt-BR.json"; sourceTree = "<group>"; fileEncoding = undefined; lastKnownFileType = unknown; explicitFileType = undefined; includeInIndex = 0; };
		A136252505294AA999E25784 /* pgm_Localizable_de.json */ = {isa = PBXFileReference; name = "pgm_Localizable_de.json"; path = "pgm_Localizable_de.json"; sourceTree = "<group>"; fileEncoding = undefined; lastKnownFileType = unknown; explicitFileType = undefined; includeInIndex = 0; };
		A4A22A726E0D464F8067F41D /* pgm_Localizable_fr.json */ = {isa = PBXFileReference; name = "pgm_Localizable_fr.json"; path = "pgm_Localizable_fr.json"; sourceTree = "<group>"; fileEncoding = undefined; lastKnownFileType = unknown; explicitFileType = undefined; includeInIndex = 0; };
		E68B2F1BFA5A415ABB53D4E7 /* pgm_Localizable_hi.json */ = {isa = PBXFileReference; name = "pgm_Localizable_hi.json"; path = "pgm_Localizable_hi.json"; sourceTree = "<group>"; fileEncoding = undefined; lastKnownFileType = unknown; explicitFileType = undefined; includeInIndex = 0; };
		970566BEB74D4E45BE6CC998 /* pgm_Localizable_ar.json */ = {isa = PBXFileReference; name = "pgm_Localizable_ar.json"; path = "pgm_Localizable_ar.json"; sourceTree = "<group>"; fileEncoding = undefined; lastKnownFileType = unknown; explicitFileType = undefined; includeInIndex = 0; };
		DE1CEE17890A40E6A9173C87 /* pgm_Localizable_nl.json */ = {isa = PBXFileReference; name = "pgm_Localizable_nl.json"; path = "pgm_Localizable_nl.json"; sourceTree = "<group>"; fileEncoding = undefined; lastKnownFileType = unknown; explicitFileType = undefined; includeInIndex = 0; };
		92D8883FEAF54481830A8355 /* pgm_Localizable_pl.json */ = {isa = PBXFileReference; name = "pgm_Localizable_pl.json"; path = "pgm_Localizable_pl.json"; sourceTree = "<group>"; fileEncoding = undefined; lastKnownFileType = unknown; explicitFileType = undefined; includeInIndex = 0; };
		4A1B211D7DB943698EFEC0E0 /* pgm_Localizable_da.json */ = {isa = PBXFileReference; name = "pgm_Localizable_da.json"; path = "pgm_Localizable_da.json"; sourceTree = "<group>"; fileEncoding = undefined; lastKnownFileType = unknown; explicitFileType = undefined; includeInIndex = 0; };
		A003F45FDC65455EA25CDA72 /* pgm_Localizable_vi.json */ = {isa = PBXFileReference; name = "pgm_Localizable_vi.json"; path = "pgm_Localizable_vi.json"; sourceTree = "<group>"; fileEncoding = undefined; lastKnownFileType = unknown; explicitFileType = undefined; includeInIndex = 0; };
		6E37D19A0DA74984AA1BEE1B /* CDVFile.m */ = {isa = PBXFileReference; name = "CDVFile.m"; path = "cordova-plugin-file/CDVFile.m"; sourceTree = "<group>"; fileEncoding = 4; lastKnownFileType = sourcecode.c.objc; explicitFileType = undefined; includeInIndex = 0; };
		ACD0C675DCFE49468ACE9E10 /* CDVLocalFilesystem.m */ = {isa = PBXFileReference; name = "CDVLocalFilesystem.m"; path = "cordova-plugin-file/CDVLocalFilesystem.m"; sourceTree = "<group>"; fileEncoding = 4; lastKnownFileType = sourcecode.c.objc; explicitFileType = undefined; includeInIndex = 0; };
		6D16AEC5525245A0BFE052A2 /* CDVAssetLibraryFilesystem.m */ = {isa = PBXFileReference; name = "CDVAssetLibraryFilesystem.m"; path = "cordova-plugin-file/CDVAssetLibraryFilesystem.m"; sourceTree = "<group>"; fileEncoding = 4; lastKnownFileType = sourcecode.c.objc; explicitFileType = undefined; includeInIndex = 0; };
		0B71A9125D664040A62FBC11 /* CDVFile.h */ = {isa = PBXFileReference; name = "CDVFile.h"; path = "cordova-plugin-file/CDVFile.h"; sourceTree = "<group>"; fileEncoding = 4; lastKnownFileType = sourcecode.c.h; explicitFileType = undefined; includeInIndex = 0; };
		5D175AE5176D43B4B38846A3 /* CDVLocalFilesystem.h */ = {isa = PBXFileReference; name = "CDVLocalFilesystem.h"; path = "cordova-plugin-file/CDVLocalFilesystem.h"; sourceTree = "<group>"; fileEncoding = 4; lastKnownFileType = sourcecode.c.h; explicitFileType = undefined; includeInIndex = 0; };
		5D35CB933C4247D29877A7FC /* CDVAssetLibraryFilesystem.h */ = {isa = PBXFileReference; name = "CDVAssetLibraryFilesystem.h"; path = "cordova-plugin-file/CDVAssetLibraryFilesystem.h"; sourceTree = "<group>"; fileEncoding = 4; lastKnownFileType = sourcecode.c.h; explicitFileType = undefined; includeInIndex = 0; };
		C2DC7289757C4FAEAB0217F7 /* CordovaHttpPlugin.m */ = {isa = PBXFileReference; name = "CordovaHttpPlugin.m"; path = "cordova-plugin-advanced-http/CordovaHttpPlugin.m"; sourceTree = "<group>"; fileEncoding = 4; lastKnownFileType = sourcecode.c.objc; explicitFileType = undefined; includeInIndex = 0; };
		46B9F4CCD2EC42E68C7403FC /* TextResponseSerializer.m */ = {isa = PBXFileReference; name = "TextResponseSerializer.m"; path = "cordova-plugin-advanced-http/TextResponseSerializer.m"; sourceTree = "<group>"; fileEncoding = 4; lastKnownFileType = sourcecode.c.objc; explicitFileType = undefined; includeInIndex = 0; };
		A5C913A8C47649358B0F2873 /* TextRequestSerializer.m */ = {isa = PBXFileReference; name = "TextRequestSerializer.m"; path = "cordova-plugin-advanced-http/TextRequestSerializer.m"; sourceTree = "<group>"; fileEncoding = 4; lastKnownFileType = sourcecode.c.objc; explicitFileType = undefined; includeInIndex = 0; };
		B88D3EF67A48478B86043795 /* AFHTTPSessionManager.m */ = {isa = PBXFileReference; name = "AFHTTPSessionManager.m"; path = "cordova-plugin-advanced-http/AFHTTPSessionManager.m"; sourceTree = "<group>"; fileEncoding = 4; lastKnownFileType = sourcecode.c.objc; explicitFileType = undefined; includeInIndex = 0; };
		FA88CF42BFF74D74809C50C2 /* AFNetworkReachabilityManager.m */ = {isa = PBXFileReference; name = "AFNetworkReachabilityManager.m"; path = "cordova-plugin-advanced-http/AFNetworkReachabilityManager.m"; sourceTree = "<group>"; fileEncoding = 4; lastKnownFileType = sourcecode.c.objc; explicitFileType = undefined; includeInIndex = 0; };
		0EADBC7257EE4D60BF139D86 /* AFSecurityPolicy.m */ = {isa = PBXFileReference; name = "AFSecurityPolicy.m"; path = "cordova-plugin-advanced-http/AFSecurityPolicy.m"; sourceTree = "<group>"; fileEncoding = 4; lastKnownFileType = sourcecode.c.objc; explicitFileType = undefined; includeInIndex = 0; };
		654ABA96FDF4423CB012FD63 /* AFURLRequestSerialization.m */ = {isa = PBXFileReference; name = "AFURLRequestSerialization.m"; path = "cordova-plugin-advanced-http/AFURLRequestSerialization.m"; sourceTree = "<group>"; fileEncoding = 4; lastKnownFileType = sourcecode.c.objc; explicitFileType = undefined; includeInIndex = 0; };
		C202139D073B46A8A00ADBCB /* AFURLResponseSerialization.m */ = {isa = PBXFileReference; name = "AFURLResponseSerialization.m"; path = "cordova-plugin-advanced-http/AFURLResponseSerialization.m"; sourceTree = "<group>"; fileEncoding = 4; lastKnownFileType = sourcecode.c.objc; explicitFileType = undefined; includeInIndex = 0; };
		8174720D0E7F4204A47C5DF7 /* AFURLSessionManager.m */ = {isa = PBXFileReference; name = "AFURLSessionManager.m"; path = "cordova-plugin-advanced-http/AFURLSessionManager.m"; sourceTree = "<group>"; fileEncoding = 4; lastKnownFileType = sourcecode.c.objc; explicitFileType = undefined; includeInIndex = 0; };
		CAD1FC6B0E5747FF9DD88AD4 /* SDNetworkActivityIndicator.m */ = {isa = PBXFileReference; name = "SDNetworkActivityIndicator.m"; path = "cordova-plugin-advanced-http/SDNetworkActivityIndicator.m"; sourceTree = "<group>"; fileEncoding = 4; lastKnownFileType = sourcecode.c.objc; explicitFileType = undefined; includeInIndex = 0; };
		60DA0C3AD23C4B248E9A27C1 /* CordovaHttpPlugin.h */ = {isa = PBXFileReference; name = "CordovaHttpPlugin.h"; path = "cordova-plugin-advanced-http/CordovaHttpPlugin.h"; sourceTree = "<group>"; fileEncoding = 4; lastKnownFileType = sourcecode.c.h; explicitFileType = undefined; includeInIndex = 0; };
		4AA59641C371452290E5A5AF /* TextResponseSerializer.h */ = {isa = PBXFileReference; name = "TextResponseSerializer.h"; path = "cordova-plugin-advanced-http/TextResponseSerializer.h"; sourceTree = "<group>"; fileEncoding = 4; lastKnownFileType = sourcecode.c.h; explicitFileType = undefined; includeInIndex = 0; };
		BE2EA9A20A9B4F26AC17FE4C /* TextRequestSerializer.h */ = {isa = PBXFileReference; name = "TextRequestSerializer.h"; path = "cordova-plugin-advanced-http/TextRequestSerializer.h"; sourceTree = "<group>"; fileEncoding = 4; lastKnownFileType = sourcecode.c.h; explicitFileType = undefined; includeInIndex = 0; };
		30EA2A4581074B0EBA3EB1CE /* AFHTTPSessionManager.h */ = {isa = PBXFileReference; name = "AFHTTPSessionManager.h"; path = "cordova-plugin-advanced-http/AFHTTPSessionManager.h"; sourceTree = "<group>"; fileEncoding = 4; lastKnownFileType = sourcecode.c.h; explicitFileType = undefined; includeInIndex = 0; };
		F37027E09F474E2FB64C94FA /* AFNetworking.h */ = {isa = PBXFileReference; name = "AFNetworking.h"; path = "cordova-plugin-advanced-http/AFNetworking.h"; sourceTree = "<group>"; fileEncoding = 4; lastKnownFileType = sourcecode.c.h; explicitFileType = undefined; includeInIndex = 0; };
		E0C6AEF9D0D140B2880F1589 /* AFNetworkReachabilityManager.h */ = {isa = PBXFileReference; name = "AFNetworkReachabilityManager.h"; path = "cordova-plugin-advanced-http/AFNetworkReachabilityManager.h"; sourceTree = "<group>"; fileEncoding = 4; lastKnownFileType = sourcecode.c.h; explicitFileType = undefined; includeInIndex = 0; };
		8D3B8C9F0E9A4A36AF9AE75A /* AFSecurityPolicy.h */ = {isa = PBXFileReference; name = "AFSecurityPolicy.h"; path = "cordova-plugin-advanced-http/AFSecurityPolicy.h"; sourceTree = "<group>"; fileEncoding = 4; lastKnownFileType = sourcecode.c.h; explicitFileType = undefined; includeInIndex = 0; };
		31E3116529D4418C824313AE /* AFURLRequestSerialization.h */ = {isa = PBXFileReference; name = "AFURLRequestSerialization.h"; path = "cordova-plugin-advanced-http/AFURLRequestSerialization.h"; sourceTree = "<group>"; fileEncoding = 4; lastKnownFileType = sourcecode.c.h; explicitFileType = undefined; includeInIndex = 0; };
		8C84A6E70934489D8BF95BFE /* AFURLResponseSerialization.h */ = {isa = PBXFileReference; name = "AFURLResponseSerialization.h"; path = "cordova-plugin-advanced-http/AFURLResponseSerialization.h"; sourceTree = "<group>"; fileEncoding = 4; lastKnownFileType = sourcecode.c.h; explicitFileType = undefined; includeInIndex = 0; };
		B2DCB8C3F9B64BADA5FED604 /* AFURLSessionManager.h */ = {isa = PBXFileReference; name = "AFURLSessionManager.h"; path = "cordova-plugin-advanced-http/AFURLSessionManager.h"; sourceTree = "<group>"; fileEncoding = 4; lastKnownFileType = sourcecode.c.h; explicitFileType = undefined; includeInIndex = 0; };
		2C4349E58292462B8344D12F /* SDNetworkActivityIndicator.h */ = {isa = PBXFileReference; name = "SDNetworkActivityIndicator.h"; path = "cordova-plugin-advanced-http/SDNetworkActivityIndicator.h"; sourceTree = "<group>"; fileEncoding = 4; lastKnownFileType = sourcecode.c.h; explicitFileType = undefined; includeInIndex = 0; };
		0208D9A357B843A2B8544319 /* Security.framework */ = {isa = PBXFileReference; name = "Security.framework"; path = "System/Library/Frameworks/Security.framework"; sourceTree = SDKROOT; fileEncoding = undefined; lastKnownFileType = wrapper.framework; explicitFileType = undefined; includeInIndex = 0; };
		FC56CDBB6640465FB0BC7CEF /* SystemConfiguration.framework */ = {isa = PBXFileReference; name = "SystemConfiguration.framework"; path = "System/Library/Frameworks/SystemConfiguration.framework"; sourceTree = SDKROOT; fileEncoding = undefined; lastKnownFileType = wrapper.framework; explicitFileType = undefined; includeInIndex = 0; };
/* End PBXFileReference section */

/* Begin PBXFrameworksBuildPhase section */
		1D60588F0D05DD3D006BFB54 /* Frameworks */ = {
			isa = PBXFrameworksBuildPhase;
			buildActionMask = 2147483647;
			files = (
				301BF552109A68D80062928A /* libCordova.a in Frameworks */,
				A4D860C613364E83AC9AFB9D /* ImageIO.framework in Frameworks */,
				7253ECCEE5C644E2A0613CE1 /* CoreLocation.framework in Frameworks */,
				051E77EB95774E51B6AE0D65 /* AVFoundation.framework in Frameworks */,
				BA474C119E5B4CFFAE71CFA8 /* WebKit.framework in Frameworks */,
				D3CA3C8A4CD54D6598B1BF15 /* libz.tbd in Frameworks */,
				A9D387E3AAA6482F861E4636 /* Security.framework in Frameworks */,
				2156E311004545088A519D72 /* SystemConfiguration.framework in Frameworks */,
			);
			runOnlyForDeploymentPostprocessing = 0;
		};
/* End PBXFrameworksBuildPhase section */

/* Begin PBXGroup section */
		080E96DDFE201D6D7F000001 /* Classes */ = {
			isa = PBXGroup;
			children = (
				302D95EE14D2391D003F00A1 /* MainViewController.h */,
				302D95EF14D2391D003F00A1 /* MainViewController.m */,
				302D95F014D2391D003F00A1 /* MainViewController.xib */,
				1D3623240D0F684500981E51 /* AppDelegate.h */,
				1D3623250D0F684500981E51 /* AppDelegate.m */,
			);
			name = Classes;
			path = "ComuniTreeApp/Classes";
			sourceTree = SOURCE_ROOT;
		};
		19C28FACFE9D520D11CA2CBB /* Products */ = {
			isa = PBXGroup;
			children = (
				1D6058910D05DD3D006BFB54 /* ComuniTreeApp.app */,
			);
			name = Products;
			sourceTree = "<group>";
		};
		29B97314FDCFA39411CA2CEA /* CustomTemplate */ = {
			isa = PBXGroup;
			children = (
				EB87FDF41871DAF40020F90C /* config.xml */,
				EB87FDF31871DA8E0020F90C /* www */,
				EB87FDF11871DA420020F90C /* Staging */,
				301BF52D109A57CC0062928A /* CordovaLib.xcodeproj */,
				080E96DDFE201D6D7F000001 /* Classes */,
				307C750510C5A3420062BCA9 /* Plugins */,
				29B97315FDCFA39411CA2CEA /* Other Sources */,
				29B97317FDCFA39411CA2CEA /* Resources */,
				29B97323FDCFA39411CA2CEA /* Frameworks */,
				19C28FACFE9D520D11CA2CBB /* Products */,
			);
			name = CustomTemplate;
			sourceTree = "<group>";
		};
		29B97315FDCFA39411CA2CEA /* Other Sources */ = {
			isa = PBXGroup;
			children = (
				32CA4F630368D1EE00C91783 /* ComuniTreeApp-Prefix.pch */,
				29B97316FDCFA39411CA2CEA /* main.m */,
				ED33DF2A687741AEAF9F8254 /* Bridging-Header.h */,
			);
			name = "Other Sources";
			path = "ComuniTreeApp";
			sourceTree = "<group>";
		};
		29B97317FDCFA39411CA2CEA /* Resources */ = {
			isa = PBXGroup;
			children = (
				0207DA571B56EA530066E2B4 /* Images.xcassets */,
				3047A50E1AB8057F00498E2A /* config */,
				8D1107310486CEB800E47090 /* ComuniTreeApp-Info.plist */,
				6AFF5BF81D6E424B00AB3073 /* CDVLaunchScreen.storyboard */,
				58EB2DF8EF844550B5794444 /* pgm_Localizable_en.json */,
				6C4FE413C4F94F569E7E8B27 /* pgm_Localizable_ja.json */,
				9D8274EB660F487C964C5532 /* pgm_Localizable_ru.json */,
				F9910A18C0FE49849E50BE40 /* pgm_Localizable_uk.json */,
				61271AF967394DB9875C39CD /* pgm_Localizable_pt-BR.json */,
				A136252505294AA999E25784 /* pgm_Localizable_de.json */,
				A4A22A726E0D464F8067F41D /* pgm_Localizable_fr.json */,
				E68B2F1BFA5A415ABB53D4E7 /* pgm_Localizable_hi.json */,
				970566BEB74D4E45BE6CC998 /* pgm_Localizable_ar.json */,
				DE1CEE17890A40E6A9173C87 /* pgm_Localizable_nl.json */,
				92D8883FEAF54481830A8355 /* pgm_Localizable_pl.json */,
				4A1B211D7DB943698EFEC0E0 /* pgm_Localizable_da.json */,
				A003F45FDC65455EA25CDA72 /* pgm_Localizable_vi.json */,
			);
			name = Resources;
			path = "ComuniTreeApp/Resources";
			sourceTree = "<group>";
		};
		29B97323FDCFA39411CA2CEA /* Frameworks */ = {
			isa = PBXGroup;
			children = (
				259AD61C8C124CF3B6824E60 /* ImageIO.framework */,
				568BF5CE25784C96BD54DCBB /* CoreLocation.framework */,
				BE5179D33D1F4F6195458427 /* AVFoundation.framework */,
				A99E75A8541D4401BA5C9CF7 /* WebKit.framework */,
				3D50A4C432A3413D94E4AE0C /* libz.tbd */,
				0208D9A357B843A2B8544319 /* Security.framework */,
				FC56CDBB6640465FB0BC7CEF /* SystemConfiguration.framework */,
			);
			name = Frameworks;
			sourceTree = "<group>";
		};
		301BF52E109A57CC0062928A /* Products */ = {
			isa = PBXGroup;
			children = (
				301BF535109A57CC0062928A /* libCordova.a */,
			);
			name = Products;
			sourceTree = "<group>";
		};
		3047A50E1AB8057F00498E2A /* config */ = {
			isa = PBXGroup;
			children = (
				3047A50F1AB8059700498E2A /* build-debug.xcconfig */,
				3047A5101AB8059700498E2A /* build-release.xcconfig */,
				3047A5111AB8059700498E2A /* build.xcconfig */,
			);
			name = config;
			sourceTree = "<group>";
		};
		307C750510C5A3420062BCA9 /* Plugins */ = {
			isa = PBXGroup;
			children = (
				311CE30471784CF9AA508BD5 /* UIImage+CropScaleOrientation.m */,
				CFB1AB33081B4EC1B4C58962 /* CDVCamera.m */,
				9679497957DF42E3A2F9A21A /* CDVJpegHeaderWriter.m */,
				BB5A7F23E5214FC5843C2404 /* UIImage+CropScaleOrientation.h */,
				7F064EA4138646BEAC4A450A /* CDVCamera.h */,
				224FBE08ECA34953A2FB66F7 /* CDVJpegHeaderWriter.h */,
				60143B1AF3DA482080545D2F /* CDVExif.h */,
				CB40C41C63574417AC371845 /* CDVDevice.m */,
				DF70B1F9674E425E9C3F8AD5 /* CDVDevice.h */,
				CD2B6B35F7A64452ABFAEF17 /* CDVLocation.m */,
				4E551D3465AF489ABA973812 /* CDVLocation.h */,
				7C04E69D577A4969B3D12C88 /* CDVIonicKeyboard.m */,
				787E53B854674FCD93D3C9ED /* CDVIonicKeyboard.h */,
				7492EE005C574359A43C4545 /* CDVWKWebViewEngine.m */,
				15FCA1BB9DCF4B4CA078D91D /* CDVWKWebViewUIDelegate.m */,
				14F499E446E54310A1302D76 /* CDVWKProcessPoolFactory.m */,
				C026F63310A4405F9D7FC937 /* GCDWebServer.m */,
				4C1E6C22A4A64BDA80FDF654 /* GCDWebServerConnection.m */,
				3A2CBCAE56B341D8A867C3CB /* GCDWebServerFunctions.m */,
				B6DDDB3FD4D84F8CB1087D44 /* GCDWebServerRequest.m */,
				DC9EB4A5E4F04F0E8316D892 /* GCDWebServerResponse.m */,
				CEFA30BB06C24805BCBBE7DB /* GCDWebServerDataRequest.m */,
				EC02FAA5CD96421C81953E8F /* GCDWebServerFileRequest.m */,
				E4C4C17A41D14AEBB3012564 /* GCDWebServerMultiPartFormRequest.m */,
				8BEAB96EF0F94E1EB9C70E42 /* GCDWebServerURLEncodedFormRequest.m */,
				0709C4A5AC644E2C8019EADB /* GCDWebServerDataResponse.m */,
				88BFC68EF3CA4A7EA2DD6FFA /* GCDWebServerErrorResponse.m */,
				BD8191C9430D4255A8D1DCCF /* GCDWebServerFileResponse.m */,
				8D3108BDDD824C7C958DC0CA /* GCDWebServerStreamedResponse.m */,
				AA969D23D9E34D8D927AAC6B /* CDVWKWebViewEngine.h */,
				7FEA23ADF5914B4087054509 /* CDVWKWebViewUIDelegate.h */,
				A57B3900B40C4E0B88AC433A /* CDVWKProcessPoolFactory.h */,
				563DD6C97FF246AD88D19718 /* GCDWebServer.h */,
				8CCA9CB77BB148D0A5F67848 /* GCDWebServerConnection.h */,
				14A0943DDED843718D80327C /* GCDWebServerFunctions.h */,
				73A303EE65E64F7EAE0FE443 /* GCDWebServerHTTPStatusCodes.h */,
				966489A305F644BDA1310976 /* GCDWebServerPrivate.h */,
				00F31A16B975481E90DE285D /* GCDWebServerRequest.h */,
				9D4C95D15CCD4D909F77DC25 /* GCDWebServerResponse.h */,
				17C86CA385F0401FAF7B88A4 /* GCDWebServerDataRequest.h */,
				04AF93199A6B4A83AFDBD0F7 /* GCDWebServerFileRequest.h */,
				3720903134CB4AED80449139 /* GCDWebServerMultiPartFormRequest.h */,
				3D894FEB79F841548BA1A9D2 /* GCDWebServerURLEncodedFormRequest.h */,
				6184B2DFA4DF470E8752A974 /* GCDWebServerDataResponse.h */,
				1D1E3EC336174856B99DA777 /* GCDWebServerErrorResponse.h */,
				FA73C9993C5547798405856E /* GCDWebServerFileResponse.h */,
				11A86D845F3D45FF990DBCCE /* GCDWebServerStreamedResponse.h */,
				AAF532A8496A435BBF28FF52 /* CDVSplashScreen.m */,
				ECFD07C8387C402B946313FE /* CDVViewController+SplashScreen.m */,
				C46FB570413D4ABC823DA962 /* CDVSplashScreen.h */,
				3C2A7B6692974092B3E338F6 /* CDVViewController+SplashScreen.h */,
				63D45DAA15A7406895814CF5 /* CDVStatusBar.m */,
				32B25E951CB94A7AA15B2D4B /* CDVStatusBar.h */,
				FE3FF906FD4F4790BFCE4496 /* PluginObjects.m */,
				F222E5E22FF34EF680B33324 /* PluginCircle.m */,
				6C2CFAB9CE6348348A6BA7C6 /* PluginGeocoder.m */,
				F4B17DCEE9C04E22932D3009 /* PluginLocationService.m */,
				20C7E373C4CD440BA4EA2E65 /* PluginEnvironment.m */,
				29BB33EFE3D94AFA8FD92638 /* CordovaGoogleMaps.m */,
				4D692E2DDA5A4A3694A21C60 /* PluginMapViewController.m */,
				895F3F7AABD64C2EB57A5165 /* PluginGroundOverlay.m */,
				29A162719ACD48D691896E3A /* PluginKmlOverlay.m */,
				56D150F8D23846D7B739FA6A /* PluginMap.m */,
				1CD5A4A507844E9C8EE758EC /* PluginMarker.m */,
				AF7197D4551C4D099370AC2A /* PluginUtil.m */,
				9B27AABB9EAD49BEA5C74492 /* PluginPolygon.m */,
				A6FFA7B640744229AA5E3244 /* PluginPolyline.m */,
				66B41598E1DF462886F3BB15 /* PluginTileProvider.m */,
				01EA2ED03CBE48B69E1AA7A6 /* TBXML.m */,
				2CC47897C5AF4F0EB23AED29 /* PluginTileOverlay.m */,
				3D43B6D3D0B049B69DC2A0C9 /* NSData+Base64.m */,
				9C6CD2D240E543AA96CD359D /* GMSCoordinateBounds+Geometry.m */,
				FC3129CB33A04E71A0B76F15 /* MyPluginLayer.m */,
				2EFB13B98FA8402FA59CD893 /* MyPluginScrollView.m */,
				EA8CD3D7B44145A29DFBDA51 /* PluginMarkerCluster.m */,
				21489DA7D145449290FBCD7A /* UIImageCache.m */,
				BB50F3417C0F4F84B863CA65 /* PluginStreetViewPanorama.m */,
				C77B5E5598F04A28A320486A /* PluginStreetViewPanoramaController.m */,
				645D30191F0E43EBA571869F /* PluginViewController.m */,
				624F18AA6F0C4729BAD5B4C0 /* PluginObjects.h */,
				2D9AA2F7C52042C687DF21C4 /* PluginCircle.h */,
				A54442606B264114919E8B3A /* PluginGeocoder.h */,
				F7C0888D68774F819419BD61 /* PluginLocationService.h */,
				5420A2C110894CB89DE72B1B /* PluginEnvironment.h */,
				D92EEFF1B231483D975E87F7 /* CordovaGoogleMaps.h */,
				2730A55EE58B449CA170AEE1 /* PluginMapViewController.h */,
				80DC02066BC64D06B2C7CB41 /* PluginGroundOverlay.h */,
				2913127A34EA44AFAC4F4DB7 /* PluginKmlOverlay.h */,
				6D3F1F390699455BB74F448D /* PluginMap.h */,
				48A27B3395174963BB74C3F8 /* PluginMarker.h */,
				FEB9D29465D64622A15EADF7 /* PluginUtil.h */,
				3B7AE0C1CE0848DE91D4DA3E /* PluginPolygon.h */,
				881BC47C864341699750BD86 /* PluginPolyline.h */,
				FF6D421F55094CB784AD4D11 /* PluginTileProvider.h */,
				CDA70D3AC5564F3B9F27FEC7 /* TBXML.h */,
				8005A26DC2664B6299B415E3 /* PluginTileOverlay.h */,
				26C4A716D9E04949A17D0E25 /* NSData+Base64.h */,
				51B6C6EAA27F49B5A93423AE /* NSData+Base64.podspec */,
				645F37787A5F447CAD911939 /* GMSCoordinateBounds+Geometry.h */,
				C8854A4CCB364AC494AE8193 /* MyPluginLayer.h */,
				D9F967CBB7D44F50B8DF3F19 /* MyPluginScrollView.h */,
				B1A7A17502B842A9BE49707C /* PluginMarkerCluster.h */,
				4DBC3B1337D1473081882622 /* UIImageCache.h */,
				BA2FA58E44BC45C38F72D45E /* PluginStreetViewPanorama.h */,
				73AC6B96281C4F08BC9DF9B7 /* PluginStreetViewPanoramaController.h */,
				62EC2FC743474BE2B3DED670 /* PluginViewController.h */,
				B78B8F42365142B185348D5D /* IPluginView.h */,
				02663098CC1D469F870E1E7A /* IPluginProtocol.h */,
				6E37D19A0DA74984AA1BEE1B /* CDVFile.m */,
				ACD0C675DCFE49468ACE9E10 /* CDVLocalFilesystem.m */,
				6D16AEC5525245A0BFE052A2 /* CDVAssetLibraryFilesystem.m */,
				0B71A9125D664040A62FBC11 /* CDVFile.h */,
				5D175AE5176D43B4B38846A3 /* CDVLocalFilesystem.h */,
				5D35CB933C4247D29877A7FC /* CDVAssetLibraryFilesystem.h */,
				C2DC7289757C4FAEAB0217F7 /* CordovaHttpPlugin.m */,
				46B9F4CCD2EC42E68C7403FC /* TextResponseSerializer.m */,
				A5C913A8C47649358B0F2873 /* TextRequestSerializer.m */,
				B88D3EF67A48478B86043795 /* AFHTTPSessionManager.m */,
				FA88CF42BFF74D74809C50C2 /* AFNetworkReachabilityManager.m */,
				0EADBC7257EE4D60BF139D86 /* AFSecurityPolicy.m */,
				654ABA96FDF4423CB012FD63 /* AFURLRequestSerialization.m */,
				C202139D073B46A8A00ADBCB /* AFURLResponseSerialization.m */,
				8174720D0E7F4204A47C5DF7 /* AFURLSessionManager.m */,
				CAD1FC6B0E5747FF9DD88AD4 /* SDNetworkActivityIndicator.m */,
				60DA0C3AD23C4B248E9A27C1 /* CordovaHttpPlugin.h */,
				4AA59641C371452290E5A5AF /* TextResponseSerializer.h */,
				BE2EA9A20A9B4F26AC17FE4C /* TextRequestSerializer.h */,
				30EA2A4581074B0EBA3EB1CE /* AFHTTPSessionManager.h */,
				F37027E09F474E2FB64C94FA /* AFNetworking.h */,
				E0C6AEF9D0D140B2880F1589 /* AFNetworkReachabilityManager.h */,
				8D3B8C9F0E9A4A36AF9AE75A /* AFSecurityPolicy.h */,
				31E3116529D4418C824313AE /* AFURLRequestSerialization.h */,
				8C84A6E70934489D8BF95BFE /* AFURLResponseSerialization.h */,
				B2DCB8C3F9B64BADA5FED604 /* AFURLSessionManager.h */,
				2C4349E58292462B8344D12F /* SDNetworkActivityIndicator.h */,
			);
			name = Plugins;
			path = "ComuniTreeApp/Plugins";
			sourceTree = SOURCE_ROOT;
		};
		EB87FDF11871DA420020F90C /* Staging */ = {
			isa = PBXGroup;
			children = (
				F840E1F0165FE0F500CFE078 /* config.xml */,
				301BF56E109A69640062928A /* www */,
			);
			name = Staging;
			sourceTree = "<group>";
		};
/* End PBXGroup section */

/* Begin PBXNativeTarget section */
		1D6058900D05DD3D006BFB54 /* ComuniTreeApp */ = {
			isa = PBXNativeTarget;
			buildConfigurationList = 1D6058960D05DD3E006BFB54 /* Build configuration list for PBXNativeTarget "ComuniTreeApp" */;
			buildPhases = (
				304B58A110DAC018002A0835 /* Copy www directory */,
				1D60588D0D05DD3D006BFB54 /* Resources */,
				1D60588E0D05DD3D006BFB54 /* Sources */,
				1D60588F0D05DD3D006BFB54 /* Frameworks */,
			);
			buildRules = (
			);
			dependencies = (
				301BF551109A68C00062928A /* PBXTargetDependency */,
			);
			name = "ComuniTreeApp";
			productName = "ComuniTreeApp";
			productReference = 1D6058910D05DD3D006BFB54 /* ComuniTreeApp.app */;
			productType = "com.apple.product-type.application";
		};
/* End PBXNativeTarget section */

/* Begin PBXProject section */
		29B97313FDCFA39411CA2CEA /* Project object */ = {
			isa = PBXProject;
			attributes = {
				LastUpgradeCheck = 510;
			};
			buildConfigurationList = C01FCF4E08A954540054247B /* Build configuration list for PBXProject "__NON-CLI__" */;
			compatibilityVersion = "Xcode 3.2";
			developmentRegion = English;
			hasScannedForEncodings = 1;
			mainGroup = 29B97314FDCFA39411CA2CEA /* CustomTemplate */;
			projectDirPath = "";
			projectReferences = (
				{
					ProductGroup = 301BF52E109A57CC0062928A /* Products */;
					ProjectRef = 301BF52D109A57CC0062928A /* CordovaLib.xcodeproj */;
				},
			);
			projectRoot = "";
			targets = (
				1D6058900D05DD3D006BFB54 /* ComuniTreeApp */,
			);
		};
/* End PBXProject section */

/* Begin PBXReferenceProxy section */
		301BF535109A57CC0062928A /* libCordova.a */ = {
			isa = PBXReferenceProxy;
			fileType = archive.ar;
			path = libCordova.a;
			remoteRef = 301BF534109A57CC0062928A /* PBXContainerItemProxy */;
			sourceTree = BUILT_PRODUCTS_DIR;
		};
/* End PBXReferenceProxy section */

/* Begin PBXResourcesBuildPhase section */
		1D60588D0D05DD3D006BFB54 /* Resources */ = {
			isa = PBXResourcesBuildPhase;
			buildActionMask = 2147483647;
			files = (
				302D95F214D2391D003F00A1 /* MainViewController.xib in Resources */,
				0207DA581B56EA530066E2B4 /* Images.xcassets in Resources */,
				6AFF5BF91D6E424B00AB3073 /* CDVLaunchScreen.storyboard in Resources */,
				57CFCDF54F634A8B9DA828DD /* pgm_Localizable_en.json in Resources */,
				8B241EA1D72646409141FDF4 /* pgm_Localizable_ja.json in Resources */,
				87EC45DDF05C48A3AD44F06D /* pgm_Localizable_ru.json in Resources */,
				06612B7028724E5DB6E11A53 /* pgm_Localizable_uk.json in Resources */,
				633093DEBA9B4853AFF8F781 /* pgm_Localizable_pt-BR.json in Resources */,
				08B8A8BC6D70497196AC6042 /* pgm_Localizable_de.json in Resources */,
				EE3F3BCDBC2A45FFA6B5D27A /* pgm_Localizable_fr.json in Resources */,
				9838D17B27D7403C93157456 /* pgm_Localizable_hi.json in Resources */,
				DEAE28E72C554AF3A3EB31B0 /* pgm_Localizable_ar.json in Resources */,
				63135DFA44E241588CC0A4E8 /* pgm_Localizable_nl.json in Resources */,
				C74FBD8E613647BE93A58611 /* pgm_Localizable_pl.json in Resources */,
				7E075CA7118F47159A78B696 /* pgm_Localizable_da.json in Resources */,
				50D4D9F4C26F4D51BB0E53A2 /* pgm_Localizable_vi.json in Resources */,
			);
			runOnlyForDeploymentPostprocessing = 0;
		};
/* End PBXResourcesBuildPhase section */

/* Begin PBXShellScriptBuildPhase section */
		304B58A110DAC018002A0835 /* Copy www directory */ = {
			isa = PBXShellScriptBuildPhase;
			buildActionMask = 2147483647;
			files = (
			);
			inputPaths = (
			);
			name = "Copy www directory";
			outputPaths = (
			);
			runOnlyForDeploymentPostprocessing = 0;
			shellPath = /bin/sh;
			shellScript = "NODEJS_PATH=/usr/local/bin; NVM_NODE_PATH=~/.nvm/versions/node/`nvm version 2>/dev/null`/bin; N_NODE_PATH=`find /usr/local/n/versions/node/* -maxdepth 0 -type d 2>/dev/null | tail -1`/bin; XCODE_NODE_PATH=`xcode-select --print-path`/usr/share/xcs/Node/bin; PATH=$NODEJS_PATH:$NVM_NODE_PATH:$N_NODE_PATH:$XCODE_NODE_PATH:$PATH && node cordova/lib/copy-www-build-step.js";
			showEnvVarsInLog = 0;
		};
/* End PBXShellScriptBuildPhase section */

/* Begin PBXSourcesBuildPhase section */
		1D60588E0D05DD3D006BFB54 /* Sources */ = {
			isa = PBXSourcesBuildPhase;
			buildActionMask = 2147483647;
			files = (
				1D60589B0D05DD56006BFB54 /* main.m in Sources */,
				1D3623260D0F684500981E51 /* AppDelegate.m in Sources */,
				302D95F114D2391D003F00A1 /* MainViewController.m in Sources */,
				0424048517E34062846ACCB8 /* UIImage+CropScaleOrientation.m in Sources */,
				2416C99152D54202AA7AC436 /* CDVCamera.m in Sources */,
				E50E0D5C1B5E4F41A1DAEAC3 /* CDVJpegHeaderWriter.m in Sources */,
				684E3F3782534DA9AC419C4D /* CDVDevice.m in Sources */,
				6E47BA938F37454A9F9F2B2A /* CDVLocation.m in Sources */,
				969FDE25AE5145FD98FEA645 /* CDVIonicKeyboard.m in Sources */,
				9256A98F6023494BBF6DFDBE /* CDVWKWebViewEngine.m in Sources */,
				CE59B353F000434BA703BD20 /* CDVWKWebViewUIDelegate.m in Sources */,
				28AE5ACD07CD427E90035ED3 /* CDVWKProcessPoolFactory.m in Sources */,
				A356452B794C4F95BC672841 /* GCDWebServer.m in Sources */,
				BAA2D3F88B9849E3B5473390 /* GCDWebServerConnection.m in Sources */,
				D160440C1C8849158450ED6D /* GCDWebServerFunctions.m in Sources */,
				48EC5BF2FCBF45209C2C5E4A /* GCDWebServerRequest.m in Sources */,
				079E39FC30194D7B932C1585 /* GCDWebServerResponse.m in Sources */,
				D259DAA1592B4CC387CA46CD /* GCDWebServerDataRequest.m in Sources */,
				D652BCF8FE6C43F881AAE2B4 /* GCDWebServerFileRequest.m in Sources */,
				14B0B8D76CC94C1389BFCCE5 /* GCDWebServerMultiPartFormRequest.m in Sources */,
				5C603B7934C340F2883961EB /* GCDWebServerURLEncodedFormRequest.m in Sources */,
				8999C1A78F3B47679A0D501B /* GCDWebServerDataResponse.m in Sources */,
				8007CBDDB05D40ADB44D11B7 /* GCDWebServerErrorResponse.m in Sources */,
				1902FBB971F24F6B8F705D96 /* GCDWebServerFileResponse.m in Sources */,
				37CABED9ACD44669A94664F0 /* GCDWebServerStreamedResponse.m in Sources */,
				249DCFC1A7134512B74BA24C /* CDVSplashScreen.m in Sources */,
				F18A949F45314AE5B6873516 /* CDVViewController+SplashScreen.m in Sources */,
				86BCBF244C5E48B893E2D208 /* CDVStatusBar.m in Sources */,
				20B5A4200E7B44149E2BE1F9 /* PluginObjects.m in Sources */,
				0EB275AD695E4E0CB82736C4 /* PluginCircle.m in Sources */,
				F5AB2A4FA9954E0E82FD7781 /* PluginGeocoder.m in Sources */,
				E3FCCF0869744521B8405A22 /* PluginLocationService.m in Sources */,
				487EAA340176439A86E1AEE7 /* PluginEnvironment.m in Sources */,
				ACF48A298D53422ABA5AEEB1 /* CordovaGoogleMaps.m in Sources */,
				5E99C250CA3148F084AA2F2F /* PluginMapViewController.m in Sources */,
				01A15BE3D7F5464C8ADA5F93 /* PluginGroundOverlay.m in Sources */,
				1FB8F5BF0A4C45CC9DD63018 /* PluginKmlOverlay.m in Sources */,
				6B1B89346FF749D38A1F9819 /* PluginMap.m in Sources */,
				9C60769C12364995A902AF34 /* PluginMarker.m in Sources */,
				9663F75941634D88ADB205BD /* PluginUtil.m in Sources */,
				7650527356494A8B844132B6 /* PluginPolygon.m in Sources */,
				AF388D83C4304B7B9BAE91C5 /* PluginPolyline.m in Sources */,
				C1BF14F1D63245B68ADC24DE /* PluginTileProvider.m in Sources */,
				5473EF6B56A84BADA1EEEA59 /* TBXML.m in Sources */,
				73A435387F884763B2A95BB1 /* PluginTileOverlay.m in Sources */,
				19C276D80BF74B1495DCC124 /* NSData+Base64.m in Sources */,
				72904DDC0490411BBEAC5C25 /* GMSCoordinateBounds+Geometry.m in Sources */,
				CE9F7EAF3CFC4B538CB5C047 /* MyPluginLayer.m in Sources */,
				7CECE4BF059E4985809579AC /* MyPluginScrollView.m in Sources */,
				B590C7697D1946158087B65C /* PluginMarkerCluster.m in Sources */,
				2370FEA459CA4EADACD2845F /* UIImageCache.m in Sources */,
				71091038D6BD44109D84CB6A /* PluginStreetViewPanorama.m in Sources */,
				FDEB0A9FBD2E49E5BE47B494 /* PluginStreetViewPanoramaController.m in Sources */,
				7493DC8A1EFB40A0854525AF /* PluginViewController.m in Sources */,
				EDBA576F25744F7E9F6B3896 /* CDVFile.m in Sources */,
				C6058DBC4311464AB69AA9F7 /* CDVLocalFilesystem.m in Sources */,
				E91D81E2FDBD41F3A5400DB4 /* CDVAssetLibraryFilesystem.m in Sources */,
				73FAEC20CB35401FB509A8F3 /* CordovaHttpPlugin.m in Sources */,
				6E41C7D525F94A72956E505A /* TextResponseSerializer.m in Sources */,
				0EA81099938544A2916AF0FC /* TextRequestSerializer.m in Sources */,
				EE8FEEF3A825411B81DEE5B6 /* AFHTTPSessionManager.m in Sources */,
				2A04F0A135EE48FC916222A0 /* AFNetworkReachabilityManager.m in Sources */,
				AD2162C9EBC64193B53EC09B /* AFSecurityPolicy.m in Sources */,
				19F23B5862EF4878AAB08CCC /* AFURLRequestSerialization.m in Sources */,
				A9B4462B373D47E4A4F9246C /* AFURLResponseSerialization.m in Sources */,
				17371512BDB847A2A445B71C /* AFURLSessionManager.m in Sources */,
				E97B1FA1D35D43DBA0ABE34C /* SDNetworkActivityIndicator.m in Sources */,
			);
			runOnlyForDeploymentPostprocessing = 0;
		};
/* End PBXSourcesBuildPhase section */

/* Begin PBXTargetDependency section */
		301BF551109A68C00062928A /* PBXTargetDependency */ = {
			isa = PBXTargetDependency;
			name = CordovaLib;
			targetProxy = 301BF550109A68C00062928A /* PBXContainerItemProxy */;
		};
/* End PBXTargetDependency section */

/* Begin XCBuildConfiguration section */
		1D6058940D05DD3E006BFB54 /* Debug */ = {
			isa = XCBuildConfiguration;
			baseConfigurationReference = 3047A50F1AB8059700498E2A /* build-debug.xcconfig */;
			buildSettings = {
				ALWAYS_SEARCH_USER_PATHS = NO;
				ASSETCATALOG_COMPILER_APPICON_NAME = AppIcon;
				ASSETCATALOG_COMPILER_LAUNCHIMAGE_NAME = LaunchImage;
				CLANG_ENABLE_MODULES = YES;
				CLANG_ENABLE_OBJC_ARC = YES;
				COPY_PHASE_STRIP = NO;
				GCC_DYNAMIC_NO_PIC = NO;
				GCC_OPTIMIZATION_LEVEL = 0;
				GCC_PRECOMPILE_PREFIX_HEADER = YES;
				GCC_PREFIX_HEADER = "ComuniTreeApp/ComuniTreeApp-Prefix.pch";
				GCC_THUMB_SUPPORT = NO;
				GCC_VERSION = "";
				INFOPLIST_FILE = "ComuniTreeApp/ComuniTreeApp-Info.plist";
				IPHONEOS_DEPLOYMENT_TARGET = 9.0;
				LD_RUNPATH_SEARCH_PATHS = "@executable_path/Frameworks";
				TARGETED_DEVICE_FAMILY = "1,2";
				PRODUCT_NAME = "ComuniTreeApp";
			};
			name = Debug;
		};
		1D6058950D05DD3E006BFB54 /* Release */ = {
			isa = XCBuildConfiguration;
			baseConfigurationReference = 3047A5101AB8059700498E2A /* build-release.xcconfig */;
			buildSettings = {
				ALWAYS_SEARCH_USER_PATHS = NO;
				ASSETCATALOG_COMPILER_APPICON_NAME = AppIcon;
				ASSETCATALOG_COMPILER_LAUNCHIMAGE_NAME = LaunchImage;
				CLANG_ENABLE_MODULES = YES;
				CLANG_ENABLE_OBJC_ARC = YES;
				COPY_PHASE_STRIP = YES;
				GCC_PRECOMPILE_PREFIX_HEADER = YES;
				GCC_PREFIX_HEADER = "ComuniTreeApp/ComuniTreeApp-Prefix.pch";
				GCC_THUMB_SUPPORT = NO;
				GCC_VERSION = "";
				INFOPLIST_FILE = "ComuniTreeApp/ComuniTreeApp-Info.plist";
				IPHONEOS_DEPLOYMENT_TARGET = 9.0;
				LD_RUNPATH_SEARCH_PATHS = "@executable_path/Frameworks";
				TARGETED_DEVICE_FAMILY = "1,2";
				PRODUCT_NAME = "ComuniTreeApp";
			};
			name = Release;
		};
		C01FCF4F08A954540054247B /* Debug */ = {
			isa = XCBuildConfiguration;
			baseConfigurationReference = 3047A5111AB8059700498E2A /* build.xcconfig */;
			buildSettings = {
				CLANG_ENABLE_MODULES = YES;
				CLANG_ENABLE_OBJC_ARC = YES;
				CLANG_WARN_BOOL_CONVERSION = YES;
				CLANG_WARN_CONSTANT_CONVERSION = YES;
				CLANG_WARN_EMPTY_BODY = YES;
				CLANG_WARN_ENUM_CONVERSION = YES;
				CLANG_WARN_INT_CONVERSION = YES;
				CLANG_WARN__DUPLICATE_METHOD_MATCH = YES;
				GCC_C_LANGUAGE_STANDARD = c99;
				GCC_THUMB_SUPPORT = NO;
				GCC_VERSION = "";
				GCC_WARN_ABOUT_RETURN_TYPE = YES;
				GCC_WARN_UNDECLARED_SELECTOR = YES;
				GCC_WARN_UNINITIALIZED_AUTOS = YES;
				GCC_WARN_UNUSED_FUNCTION = YES;
				GCC_WARN_UNUSED_VARIABLE = YES;
				ONLY_ACTIVE_ARCH = YES;
				SDKROOT = iphoneos;
				SKIP_INSTALL = NO;
			};
			name = Debug;
		};
		C01FCF5008A954540054247B /* Release */ = {
			isa = XCBuildConfiguration;
			baseConfigurationReference = 3047A5111AB8059700498E2A /* build.xcconfig */;
			buildSettings = {
				CLANG_ENABLE_MODULES = YES;
				CLANG_ENABLE_OBJC_ARC = YES;
				CLANG_WARN_BOOL_CONVERSION = YES;
				CLANG_WARN_CONSTANT_CONVERSION = YES;
				CLANG_WARN_EMPTY_BODY = YES;
				CLANG_WARN_ENUM_CONVERSION = YES;
				CLANG_WARN_INT_CONVERSION = YES;
				CLANG_WARN__DUPLICATE_METHOD_MATCH = YES;
				GCC_C_LANGUAGE_STANDARD = c99;
				GCC_THUMB_SUPPORT = NO;
				GCC_VERSION = "";
				GCC_WARN_ABOUT_RETURN_TYPE = YES;
				GCC_WARN_UNDECLARED_SELECTOR = YES;
				GCC_WARN_UNINITIALIZED_AUTOS = YES;
				GCC_WARN_UNUSED_FUNCTION = YES;
				GCC_WARN_UNUSED_VARIABLE = YES;
				SDKROOT = iphoneos;
				SKIP_INSTALL = NO;
			};
			name = Release;
		};
/* End XCBuildConfiguration section */

/* Begin XCConfigurationList section */
		1D6058960D05DD3E006BFB54 /* Build configuration list for PBXNativeTarget "ComuniTreeApp" */ = {
			isa = XCConfigurationList;
			buildConfigurations = (
				1D6058940D05DD3E006BFB54 /* Debug */,
				1D6058950D05DD3E006BFB54 /* Release */,
			);
			defaultConfigurationIsVisible = 0;
			defaultConfigurationName = Release;
		};
		C01FCF4E08A954540054247B /* Build configuration list for PBXProject "__NON-CLI__" */ = {
			isa = XCConfigurationList;
			buildConfigurations = (
				C01FCF4F08A954540054247B /* Debug */,
				C01FCF5008A954540054247B /* Release */,
			);
			defaultConfigurationIsVisible = 0;
			defaultConfigurationName = Release;
		};
/* End XCConfigurationList section */
	};
	rootObject = 29B97313FDCFA39411CA2CEA /* Project object */;
}
